// !$*UTF8*$!
{
	archiveVersion = 1;
	classes = {
	};
	objectVersion = 51;
	objects = {

/* Begin PBXBuildFile section */
		24F6C2F88BADD0188F2C160E /* Pods_test_tasks.framework in Frameworks */ = {isa = PBXBuildFile; fileRef = C23A1AD4EC66C01C9BDB6BD6 /* Pods_test_tasks.framework */; };
		5C148C9C25C958BD007C8531 /* EarthMap.storyboard in Resources */ = {isa = PBXBuildFile; fileRef = 5C148C9B25C958BC007C8531 /* EarthMap.storyboard */; };
		6E33C4C125B865990028E07D /* StartViewController.swift in Sources */ = {isa = PBXBuildFile; fileRef = 6E33C4C025B865990028E07D /* StartViewController.swift */; };
		6E34089825B83EB700259B0F /* Pexeso.storyboard in Resources */ = {isa = PBXBuildFile; fileRef = 6E34089725B83EB700259B0F /* Pexeso.storyboard */; };
		6E34089C25B83F5D00259B0F /* XibView.swift in Sources */ = {isa = PBXBuildFile; fileRef = 6E34089B25B83F5D00259B0F /* XibView.swift */; };
		6E3408A225B8407600259B0F /* ApiFacade.swift in Sources */ = {isa = PBXBuildFile; fileRef = 6E3408A125B8407600259B0F /* ApiFacade.swift */; };
		6E3408A625B840CC00259B0F /* MemoryGameApi.swift in Sources */ = {isa = PBXBuildFile; fileRef = 6E3408A525B840CC00259B0F /* MemoryGameApi.swift */; };
		6EAC031025B9B51700B4921E /* Pair.swift in Sources */ = {isa = PBXBuildFile; fileRef = 6EAC030F25B9B51700B4921E /* Pair.swift */; };
		6EAC89FB25B7720400DD3B0C /* PexesoViewModel.swift in Sources */ = {isa = PBXBuildFile; fileRef = 6EAC89FA25B7720400DD3B0C /* PexesoViewModel.swift */; };
		6EAE5C9425B70FA600FEEF12 /* AppDelegate.swift in Sources */ = {isa = PBXBuildFile; fileRef = 6EAE5C9325B70FA600FEEF12 /* AppDelegate.swift */; };
		6EAE5C9825B70FA600FEEF12 /* GameViewController.swift in Sources */ = {isa = PBXBuildFile; fileRef = 6EAE5C9725B70FA600FEEF12 /* GameViewController.swift */; };
		6EAE5C9B25B70FA600FEEF12 /* TestTasksList.storyboard in Resources */ = {isa = PBXBuildFile; fileRef = 6EAE5C9925B70FA600FEEF12 /* TestTasksList.storyboard */; };
		6EAE5C9D25B70FA700FEEF12 /* Assets.xcassets in Resources */ = {isa = PBXBuildFile; fileRef = 6EAE5C9C25B70FA700FEEF12 /* Assets.xcassets */; };
		6EAE5CA025B70FA700FEEF12 /* LaunchScreen.storyboard in Resources */ = {isa = PBXBuildFile; fileRef = 6EAE5C9E25B70FA700FEEF12 /* LaunchScreen.storyboard */; };
		6EAE8ADC25B7F5C700D0D926 /* Combine+Helpers.swift in Sources */ = {isa = PBXBuildFile; fileRef = 6EAE8ADB25B7F5C700D0D926 /* Combine+Helpers.swift */; };
		6EAFDFCB25B714DF007393DF /* CardView.swift in Sources */ = {isa = PBXBuildFile; fileRef = 6EAFDFC925B714DF007393DF /* CardView.swift */; };
		6EAFDFD225B7152C007393DF /* ChainOfResponsibility.swift in Sources */ = {isa = PBXBuildFile; fileRef = 6EAFDFD125B7152C007393DF /* ChainOfResponsibility.swift */; };
		6EAFDFD825B716C1007393DF /* Button.swift in Sources */ = {isa = PBXBuildFile; fileRef = 6EAFDFD725B716C1007393DF /* Button.swift */; };
		6EAFDFDC25B717BB007393DF /* Assert + Unimplemented.swift in Sources */ = {isa = PBXBuildFile; fileRef = 6EAFDFDB25B717BB007393DF /* Assert + Unimplemented.swift */; };
		6EAFDFE525B72530007393DF /* CardsHolderView.swift in Sources */ = {isa = PBXBuildFile; fileRef = 6EAFDFE425B72530007393DF /* CardsHolderView.swift */; };
		6EAFDFE825B7269A007393DF /* Card.swift in Sources */ = {isa = PBXBuildFile; fileRef = 6EAFDFE725B7269A007393DF /* Card.swift */; };
		6EAFDFEB25B7273B007393DF /* CardView.xib in Resources */ = {isa = PBXBuildFile; fileRef = 6EAFDFEA25B7273B007393DF /* CardView.xib */; };
		6EAFDFF925B729D6007393DF /* CardsHolderView.xib in Resources */ = {isa = PBXBuildFile; fileRef = 6EAFDFF825B729D6007393DF /* CardsHolderView.xib */; };
		6EBC380E25B879CF0022031C /* BaseCoordinator.swift in Sources */ = {isa = PBXBuildFile; fileRef = 6EBC380D25B879CF0022031C /* BaseCoordinator.swift */; };
		6EBC381225B879E70022031C /* Coordinator.swift in Sources */ = {isa = PBXBuildFile; fileRef = 6EBC381125B879E70022031C /* Coordinator.swift */; };
		6EBC381525B87A010022031C /* Router.swift in Sources */ = {isa = PBXBuildFile; fileRef = 6EBC381425B87A010022031C /* Router.swift */; };
		6EBC381825B87A1C0022031C /* Drawable.swift in Sources */ = {isa = PBXBuildFile; fileRef = 6EBC381725B87A1C0022031C /* Drawable.swift */; };
		6EBC381B25B87A780022031C /* CompletionBlocks.swift in Sources */ = {isa = PBXBuildFile; fileRef = 6EBC381A25B87A780022031C /* CompletionBlocks.swift */; };
		6EBC381E25B87ABF0022031C /* NavigationController.swift in Sources */ = {isa = PBXBuildFile; fileRef = 6EBC381D25B87ABF0022031C /* NavigationController.swift */; };
		6EBC382125B87AF20022031C /* ViewController.swift in Sources */ = {isa = PBXBuildFile; fileRef = 6EBC382025B87AF20022031C /* ViewController.swift */; };
		6EBC382525B87B2A0022031C /* UINavigationController + Extension.swift in Sources */ = {isa = PBXBuildFile; fileRef = 6EBC382425B87B2A0022031C /* UINavigationController + Extension.swift */; };
		6EBC383025B87C2D0022031C /* RootComponent.swift in Sources */ = {isa = PBXBuildFile; fileRef = 6EBC382F25B87C2D0022031C /* RootComponent.swift */; };
		6EBC383425B87C7A0022031C /* AppCoordinator.swift in Sources */ = {isa = PBXBuildFile; fileRef = 6EBC383325B87C7A0022031C /* AppCoordinator.swift */; };
		6EBC383725B87D420022031C /* PexesoComponent.swift in Sources */ = {isa = PBXBuildFile; fileRef = 6EBC383625B87D420022031C /* PexesoComponent.swift */; };
		6EBC383B25B87D9D0022031C /* PexesoCoordinator.swift in Sources */ = {isa = PBXBuildFile; fileRef = 6EBC383A25B87D9D0022031C /* PexesoCoordinator.swift */; };
		6EBC383E25B87EC70022031C /* Storyboarded.swift in Sources */ = {isa = PBXBuildFile; fileRef = 6EBC383D25B87EC70022031C /* Storyboarded.swift */; };
		6EBC384125B87EE50022031C /* Reusable.swift in Sources */ = {isa = PBXBuildFile; fileRef = 6EBC384025B87EE50022031C /* Reusable.swift */; };
		6EBC384525B87F420022031C /* Storyboards.swift in Sources */ = {isa = PBXBuildFile; fileRef = 6EBC384425B87F420022031C /* Storyboards.swift */; };
		6EBC384825B8813D0022031C /* AppDelegateFactory.swift in Sources */ = {isa = PBXBuildFile; fileRef = 6EBC384725B8813D0022031C /* AppDelegateFactory.swift */; };
		6EBC384B25B881550022031C /* CompositeAppDelegate.swift in Sources */ = {isa = PBXBuildFile; fileRef = 6EBC384A25B881550022031C /* CompositeAppDelegate.swift */; };
		6EBC385025B8851C0022031C /* TestTasksListViewController.swift in Sources */ = {isa = PBXBuildFile; fileRef = 6EBC384F25B8851C0022031C /* TestTasksListViewController.swift */; };
		6EBC385425B888130022031C /* Clamping.swift in Sources */ = {isa = PBXBuildFile; fileRef = 6EBC385325B888130022031C /* Clamping.swift */; };
		6EBC385825B8887F0022031C /* TestTasksListCoordinator.swift in Sources */ = {isa = PBXBuildFile; fileRef = 6EBC385725B8887F0022031C /* TestTasksListCoordinator.swift */; };
		6EBC385B25B888FE0022031C /* TestTasksListComponent.swift in Sources */ = {isa = PBXBuildFile; fileRef = 6EBC385A25B888FE0022031C /* TestTasksListComponent.swift */; };
		6EBC38A725B89C990022031C /* NeedleGenerated.swift in Sources */ = {isa = PBXBuildFile; fileRef = 6EBC38A625B89C990022031C /* NeedleGenerated.swift */; };
		6EBC38B425B8A0530022031C /* Label.swift in Sources */ = {isa = PBXBuildFile; fileRef = 6EBC38B325B8A0530022031C /* Label.swift */; };
		6EBC38B825B8A15E0022031C /* Fonts.swift in Sources */ = {isa = PBXBuildFile; fileRef = 6EBC38B725B8A15E0022031C /* Fonts.swift */; };
		6EBC38BC25B8B9980022031C /* Array + Extension.swift in Sources */ = {isa = PBXBuildFile; fileRef = 6EBC38BB25B8B9980022031C /* Array + Extension.swift */; };
		6EBC38C225B8CDAD0022031C /* UIStackView + Extension.swift in Sources */ = {isa = PBXBuildFile; fileRef = 6EBC38C125B8CDAD0022031C /* UIStackView + Extension.swift */; };
/* End PBXBuildFile section */

/* Begin PBXFileReference section */
		083149DDB28CEA6722842D7F /* Pods-test-tasks.release.xcconfig */ = {isa = PBXFileReference; includeInIndex = 1; lastKnownFileType = text.xcconfig; name = "Pods-test-tasks.release.xcconfig"; path = "Target Support Files/Pods-test-tasks/Pods-test-tasks.release.xcconfig"; sourceTree = "<group>"; };
		5C148C9B25C958BC007C8531 /* EarthMap.storyboard */ = {isa = PBXFileReference; lastKnownFileType = file.storyboard; path = EarthMap.storyboard; sourceTree = "<group>"; };
		6E33C4C025B865990028E07D /* StartViewController.swift */ = {isa = PBXFileReference; lastKnownFileType = sourcecode.swift; path = StartViewController.swift; sourceTree = "<group>"; };
		6E34089725B83EB700259B0F /* Pexeso.storyboard */ = {isa = PBXFileReference; lastKnownFileType = file.storyboard; path = Pexeso.storyboard; sourceTree = "<group>"; };
		6E34089B25B83F5D00259B0F /* XibView.swift */ = {isa = PBXFileReference; lastKnownFileType = sourcecode.swift; path = XibView.swift; sourceTree = "<group>"; };
		6E3408A125B8407600259B0F /* ApiFacade.swift */ = {isa = PBXFileReference; lastKnownFileType = sourcecode.swift; path = ApiFacade.swift; sourceTree = "<group>"; };
		6E3408A525B840CC00259B0F /* MemoryGameApi.swift */ = {isa = PBXFileReference; lastKnownFileType = sourcecode.swift; path = MemoryGameApi.swift; sourceTree = "<group>"; };
		6EAC030F25B9B51700B4921E /* Pair.swift */ = {isa = PBXFileReference; lastKnownFileType = sourcecode.swift; path = Pair.swift; sourceTree = "<group>"; };
		6EAC89FA25B7720400DD3B0C /* PexesoViewModel.swift */ = {isa = PBXFileReference; lastKnownFileType = sourcecode.swift; path = PexesoViewModel.swift; sourceTree = "<group>"; };
		6EAE5C9025B70FA600FEEF12 /* test-tasks.app */ = {isa = PBXFileReference; explicitFileType = wrapper.application; includeInIndex = 0; path = "test-tasks.app"; sourceTree = BUILT_PRODUCTS_DIR; };
		6EAE5C9325B70FA600FEEF12 /* AppDelegate.swift */ = {isa = PBXFileReference; lastKnownFileType = sourcecode.swift; path = AppDelegate.swift; sourceTree = "<group>"; };
		6EAE5C9725B70FA600FEEF12 /* GameViewController.swift */ = {isa = PBXFileReference; lastKnownFileType = sourcecode.swift; path = GameViewController.swift; sourceTree = "<group>"; };
		6EAE5C9A25B70FA600FEEF12 /* Base */ = {isa = PBXFileReference; lastKnownFileType = file.storyboard; name = Base; path = Base.lproj/TestTasksList.storyboard; sourceTree = "<group>"; };
		6EAE5C9C25B70FA700FEEF12 /* Assets.xcassets */ = {isa = PBXFileReference; lastKnownFileType = folder.assetcatalog; path = Assets.xcassets; sourceTree = "<group>"; };
		6EAE5C9F25B70FA700FEEF12 /* Base */ = {isa = PBXFileReference; lastKnownFileType = file.storyboard; name = Base; path = Base.lproj/LaunchScreen.storyboard; sourceTree = "<group>"; };
		6EAE5CA125B70FA700FEEF12 /* Info.plist */ = {isa = PBXFileReference; lastKnownFileType = text.plist.xml; path = Info.plist; sourceTree = "<group>"; };
		6EAE8ADB25B7F5C700D0D926 /* Combine+Helpers.swift */ = {isa = PBXFileReference; lastKnownFileType = sourcecode.swift; path = "Combine+Helpers.swift"; sourceTree = "<group>"; };
		6EAFDFC925B714DF007393DF /* CardView.swift */ = {isa = PBXFileReference; lastKnownFileType = sourcecode.swift; path = CardView.swift; sourceTree = "<group>"; };
		6EAFDFD125B7152C007393DF /* ChainOfResponsibility.swift */ = {isa = PBXFileReference; lastKnownFileType = sourcecode.swift; path = ChainOfResponsibility.swift; sourceTree = "<group>"; };
		6EAFDFD725B716C1007393DF /* Button.swift */ = {isa = PBXFileReference; lastKnownFileType = sourcecode.swift; path = Button.swift; sourceTree = "<group>"; };
		6EAFDFDB25B717BB007393DF /* Assert + Unimplemented.swift */ = {isa = PBXFileReference; lastKnownFileType = sourcecode.swift; path = "Assert + Unimplemented.swift"; sourceTree = "<group>"; };
		6EAFDFE425B72530007393DF /* CardsHolderView.swift */ = {isa = PBXFileReference; lastKnownFileType = sourcecode.swift; path = CardsHolderView.swift; sourceTree = "<group>"; };
		6EAFDFE725B7269A007393DF /* Card.swift */ = {isa = PBXFileReference; lastKnownFileType = sourcecode.swift; path = Card.swift; sourceTree = "<group>"; };
		6EAFDFEA25B7273B007393DF /* CardView.xib */ = {isa = PBXFileReference; lastKnownFileType = file.xib; path = CardView.xib; sourceTree = "<group>"; };
		6EAFDFF825B729D6007393DF /* CardsHolderView.xib */ = {isa = PBXFileReference; lastKnownFileType = file.xib; path = CardsHolderView.xib; sourceTree = "<group>"; };
		6EBC380D25B879CF0022031C /* BaseCoordinator.swift */ = {isa = PBXFileReference; lastKnownFileType = sourcecode.swift; path = BaseCoordinator.swift; sourceTree = "<group>"; };
		6EBC381125B879E70022031C /* Coordinator.swift */ = {isa = PBXFileReference; lastKnownFileType = sourcecode.swift; path = Coordinator.swift; sourceTree = "<group>"; };
		6EBC381425B87A010022031C /* Router.swift */ = {isa = PBXFileReference; lastKnownFileType = sourcecode.swift; path = Router.swift; sourceTree = "<group>"; };
		6EBC381725B87A1C0022031C /* Drawable.swift */ = {isa = PBXFileReference; lastKnownFileType = sourcecode.swift; path = Drawable.swift; sourceTree = "<group>"; };
		6EBC381A25B87A780022031C /* CompletionBlocks.swift */ = {isa = PBXFileReference; lastKnownFileType = sourcecode.swift; path = CompletionBlocks.swift; sourceTree = "<group>"; };
		6EBC381D25B87ABF0022031C /* NavigationController.swift */ = {isa = PBXFileReference; lastKnownFileType = sourcecode.swift; path = NavigationController.swift; sourceTree = "<group>"; };
		6EBC382025B87AF20022031C /* ViewController.swift */ = {isa = PBXFileReference; lastKnownFileType = sourcecode.swift; path = ViewController.swift; sourceTree = "<group>"; };
		6EBC382425B87B2A0022031C /* UINavigationController + Extension.swift */ = {isa = PBXFileReference; lastKnownFileType = sourcecode.swift; path = "UINavigationController + Extension.swift"; sourceTree = "<group>"; };
		6EBC382F25B87C2D0022031C /* RootComponent.swift */ = {isa = PBXFileReference; lastKnownFileType = sourcecode.swift; path = RootComponent.swift; sourceTree = "<group>"; };
		6EBC383325B87C7A0022031C /* AppCoordinator.swift */ = {isa = PBXFileReference; lastKnownFileType = sourcecode.swift; path = AppCoordinator.swift; sourceTree = "<group>"; };
		6EBC383625B87D420022031C /* PexesoComponent.swift */ = {isa = PBXFileReference; lastKnownFileType = sourcecode.swift; path = PexesoComponent.swift; sourceTree = "<group>"; };
		6EBC383A25B87D9D0022031C /* PexesoCoordinator.swift */ = {isa = PBXFileReference; lastKnownFileType = sourcecode.swift; path = PexesoCoordinator.swift; sourceTree = "<group>"; };
		6EBC383D25B87EC70022031C /* Storyboarded.swift */ = {isa = PBXFileReference; lastKnownFileType = sourcecode.swift; path = Storyboarded.swift; sourceTree = "<group>"; };
		6EBC384025B87EE50022031C /* Reusable.swift */ = {isa = PBXFileReference; lastKnownFileType = sourcecode.swift; path = Reusable.swift; sourceTree = "<group>"; };
		6EBC384425B87F420022031C /* Storyboards.swift */ = {isa = PBXFileReference; lastKnownFileType = sourcecode.swift; path = Storyboards.swift; sourceTree = "<group>"; };
		6EBC384725B8813D0022031C /* AppDelegateFactory.swift */ = {isa = PBXFileReference; lastKnownFileType = sourcecode.swift; path = AppDelegateFactory.swift; sourceTree = "<group>"; };
		6EBC384A25B881550022031C /* CompositeAppDelegate.swift */ = {isa = PBXFileReference; lastKnownFileType = sourcecode.swift; path = CompositeAppDelegate.swift; sourceTree = "<group>"; };
		6EBC384F25B8851C0022031C /* TestTasksListViewController.swift */ = {isa = PBXFileReference; lastKnownFileType = sourcecode.swift; path = TestTasksListViewController.swift; sourceTree = "<group>"; };
		6EBC385325B888130022031C /* Clamping.swift */ = {isa = PBXFileReference; lastKnownFileType = sourcecode.swift; path = Clamping.swift; sourceTree = "<group>"; };
		6EBC385725B8887F0022031C /* TestTasksListCoordinator.swift */ = {isa = PBXFileReference; lastKnownFileType = sourcecode.swift; path = TestTasksListCoordinator.swift; sourceTree = "<group>"; };
		6EBC385A25B888FE0022031C /* TestTasksListComponent.swift */ = {isa = PBXFileReference; lastKnownFileType = sourcecode.swift; path = TestTasksListComponent.swift; sourceTree = "<group>"; };
		6EBC38A625B89C990022031C /* NeedleGenerated.swift */ = {isa = PBXFileReference; fileEncoding = 4; lastKnownFileType = sourcecode.swift; path = NeedleGenerated.swift; sourceTree = "<group>"; };
		6EBC38B325B8A0530022031C /* Label.swift */ = {isa = PBXFileReference; lastKnownFileType = sourcecode.swift; path = Label.swift; sourceTree = "<group>"; };
		6EBC38B725B8A15E0022031C /* Fonts.swift */ = {isa = PBXFileReference; lastKnownFileType = sourcecode.swift; path = Fonts.swift; sourceTree = "<group>"; };
		6EBC38BB25B8B9980022031C /* Array + Extension.swift */ = {isa = PBXFileReference; lastKnownFileType = sourcecode.swift; path = "Array + Extension.swift"; sourceTree = "<group>"; };
		6EBC38C125B8CDAD0022031C /* UIStackView + Extension.swift */ = {isa = PBXFileReference; lastKnownFileType = sourcecode.swift; path = "UIStackView + Extension.swift"; sourceTree = "<group>"; };
		8A061C77B22E47750ED7FF68 /* Pods-test-tasks.debug.xcconfig */ = {isa = PBXFileReference; includeInIndex = 1; lastKnownFileType = text.xcconfig; name = "Pods-test-tasks.debug.xcconfig"; path = "Target Support Files/Pods-test-tasks/Pods-test-tasks.debug.xcconfig"; sourceTree = "<group>"; };
		8DAAA6769D9417DDFB0D4549 /* Pods-simple-memory-game.release.xcconfig */ = {isa = PBXFileReference; includeInIndex = 1; lastKnownFileType = text.xcconfig; name = "Pods-simple-memory-game.release.xcconfig"; path = "Target Support Files/Pods-simple-memory-game/Pods-simple-memory-game.release.xcconfig"; sourceTree = "<group>"; };
		C23A1AD4EC66C01C9BDB6BD6 /* Pods_test_tasks.framework */ = {isa = PBXFileReference; explicitFileType = wrapper.framework; includeInIndex = 0; path = Pods_test_tasks.framework; sourceTree = BUILT_PRODUCTS_DIR; };
		CB174DE4069240D5FA91BF97 /* Pods-simple-memory-game.debug.xcconfig */ = {isa = PBXFileReference; includeInIndex = 1; lastKnownFileType = text.xcconfig; name = "Pods-simple-memory-game.debug.xcconfig"; path = "Target Support Files/Pods-simple-memory-game/Pods-simple-memory-game.debug.xcconfig"; sourceTree = "<group>"; };
/* End PBXFileReference section */

/* Begin PBXFrameworksBuildPhase section */
		6EAE5C8D25B70FA600FEEF12 /* Frameworks */ = {
			isa = PBXFrameworksBuildPhase;
			buildActionMask = 2147483647;
			files = (
				24F6C2F88BADD0188F2C160E /* Pods_test_tasks.framework in Frameworks */,
			);
			runOnlyForDeploymentPostprocessing = 0;
		};
/* End PBXFrameworksBuildPhase section */

/* Begin PBXGroup section */
		5C148C9425C95583007C8531 /* Taxi */ = {
			isa = PBXGroup;
			children = (
				5C148C9A25C95813007C8531 /* Map */,
			);
			path = Taxi;
			sourceTree = "<group>";
		};
		5C148C9A25C95813007C8531 /* Map */ = {
			isa = PBXGroup;
			children = (
				5C148C9B25C958BC007C8531 /* EarthMap.storyboard */,
			);
			path = Map;
			sourceTree = "<group>";
		};
		6E33C4BC25B863FE0028E07D /* Game */ = {
			isa = PBXGroup;
			children = (
				6EAE5C9725B70FA600FEEF12 /* GameViewController.swift */,
				6EAFDFF225B728B7007393DF /* CardView */,
				6EAFDFF325B728C2007393DF /* CardsHolderView */,
			);
			path = Game;
			sourceTree = "<group>";
		};
		6E33C4BF25B8656D0028E07D /* Start */ = {
			isa = PBXGroup;
			children = (
				6E33C4C025B865990028E07D /* StartViewController.swift */,
			);
			path = Start;
			sourceTree = "<group>";
		};
		6E34089325B833FE00259B0F /* DataSource */ = {
			isa = PBXGroup;
			children = (
				6E34089525B8341100259B0F /* Remote */,
				6E34089425B8340C00259B0F /* Local */,
			);
			path = DataSource;
			sourceTree = "<group>";
		};
		6E34089425B8340C00259B0F /* Local */ = {
			isa = PBXGroup;
			children = (
				6E3408AA25B841D000259B0F /* InMemoryEntity */,
			);
			path = Local;
			sourceTree = "<group>";
		};
		6E34089525B8341100259B0F /* Remote */ = {
			isa = PBXGroup;
			children = (
				6E3408A425B840C200259B0F /* Api */,
				6E3408A125B8407600259B0F /* ApiFacade.swift */,
			);
			path = Remote;
			sourceTree = "<group>";
		};
		6E3408A425B840C200259B0F /* Api */ = {
			isa = PBXGroup;
			children = (
				6E3408A525B840CC00259B0F /* MemoryGameApi.swift */,
			);
			path = Api;
			sourceTree = "<group>";
		};
		6E3408AA25B841D000259B0F /* InMemoryEntity */ = {
			isa = PBXGroup;
			children = (
				6EAFDFE725B7269A007393DF /* Card.swift */,
			);
			path = InMemoryEntity;
			sourceTree = "<group>";
		};
		6EAE5C8725B70FA600FEEF12 = {
			isa = PBXGroup;
			children = (
				6EAE5C9225B70FA600FEEF12 /* test-tasks */,
				6EAE5C9125B70FA600FEEF12 /* Products */,
				C636E4D3F1BD3A745C023318 /* Pods */,
				A5BF802B76C59EF90CE17659 /* Frameworks */,
			);
			sourceTree = "<group>";
		};
		6EAE5C9125B70FA600FEEF12 /* Products */ = {
			isa = PBXGroup;
			children = (
				6EAE5C9025B70FA600FEEF12 /* test-tasks.app */,
			);
			name = Products;
			sourceTree = "<group>";
		};
		6EAE5C9225B70FA600FEEF12 /* test-tasks */ = {
			isa = PBXGroup;
			children = (
				6EBC38A625B89C990022031C /* NeedleGenerated.swift */,
				6EBC384325B87F2A0022031C /* Resourses */,
				6EBC383225B87C570022031C /* AppDelegate */,
				6EBC382E25B87C180022031C /* Components */,
				6E34089325B833FE00259B0F /* DataSource */,
				6EAFDFEE25B72838007393DF /* Modules */,
				6EAFDFCF25B71506007393DF /* Common */,
				6EAE5C9C25B70FA700FEEF12 /* Assets.xcassets */,
				6EAE5C9E25B70FA700FEEF12 /* LaunchScreen.storyboard */,
				6EAE5CA125B70FA700FEEF12 /* Info.plist */,
			);
			path = "test-tasks";
			sourceTree = "<group>";
		};
		6EAFDFCF25B71506007393DF /* Common */ = {
			isa = PBXGroup;
			children = (
				6EBC385225B887F80022031C /* PropertyWrappers */,
				6EBC382325B87B1B0022031C /* Extension */,
				6EAFDFDA25B717A5007393DF /* Tools */,
				6EAFDFD025B7150F007393DF /* Protocols */,
			);
			path = Common;
			sourceTree = "<group>";
		};
		6EAFDFD025B7150F007393DF /* Protocols */ = {
			isa = PBXGroup;
			children = (
				6EAFDFD125B7152C007393DF /* ChainOfResponsibility.swift */,
				6EBC383D25B87EC70022031C /* Storyboarded.swift */,
				6EBC384025B87EE50022031C /* Reusable.swift */,
			);
			path = Protocols;
			sourceTree = "<group>";
		};
		6EAFDFDA25B717A5007393DF /* Tools */ = {
			isa = PBXGroup;
			children = (
				6EBC380A25B879A70022031C /* Flow */,
				6EAFDFF125B72890007393DF /* UI */,
				6EAFDFDB25B717BB007393DF /* Assert + Unimplemented.swift */,
				6EAE8ADB25B7F5C700D0D926 /* Combine+Helpers.swift */,
				6EBC381A25B87A780022031C /* CompletionBlocks.swift */,
				6EAC030F25B9B51700B4921E /* Pair.swift */,
			);
			path = Tools;
			sourceTree = "<group>";
		};
		6EAFDFEE25B72838007393DF /* Modules */ = {
			isa = PBXGroup;
			children = (
				5C148C9425C95583007C8531 /* Taxi */,
				6EBC384D25B882BC0022031C /* TestTasksList */,
				6EAFDFEF25B72840007393DF /* Pexeso */,
			);
			path = Modules;
			sourceTree = "<group>";
		};
		6EAFDFEF25B72840007393DF /* Pexeso */ = {
			isa = PBXGroup;
			children = (
				6EAFDFF025B72853007393DF /* Scene */,
				6E34089725B83EB700259B0F /* Pexeso.storyboard */,
				6EAC89FA25B7720400DD3B0C /* PexesoViewModel.swift */,
				6EBC383A25B87D9D0022031C /* PexesoCoordinator.swift */,
			);
			path = Pexeso;
			sourceTree = "<group>";
		};
		6EAFDFF025B72853007393DF /* Scene */ = {
			isa = PBXGroup;
			children = (
				6E33C4BF25B8656D0028E07D /* Start */,
				6E33C4BC25B863FE0028E07D /* Game */,
			);
			path = Scene;
			sourceTree = "<group>";
		};
		6EAFDFF125B72890007393DF /* UI */ = {
			isa = PBXGroup;
			children = (
				6EAFDFD725B716C1007393DF /* Button.swift */,
				6E34089B25B83F5D00259B0F /* XibView.swift */,
				6EBC381D25B87ABF0022031C /* NavigationController.swift */,
				6EBC382025B87AF20022031C /* ViewController.swift */,
				6EBC38B325B8A0530022031C /* Label.swift */,
			);
			path = UI;
			sourceTree = "<group>";
		};
		6EAFDFF225B728B7007393DF /* CardView */ = {
			isa = PBXGroup;
			children = (
				6EAFDFEA25B7273B007393DF /* CardView.xib */,
				6EAFDFC925B714DF007393DF /* CardView.swift */,
			);
			path = CardView;
			sourceTree = "<group>";
		};
		6EAFDFF325B728C2007393DF /* CardsHolderView */ = {
			isa = PBXGroup;
			children = (
				6EAFDFE425B72530007393DF /* CardsHolderView.swift */,
				6EAFDFF825B729D6007393DF /* CardsHolderView.xib */,
			);
			path = CardsHolderView;
			sourceTree = "<group>";
		};
		6EBC380A25B879A70022031C /* Flow */ = {
			isa = PBXGroup;
			children = (
				6EBC380C25B879BB0022031C /* Router */,
				6EBC380B25B879B30022031C /* Coordinator */,
			);
			path = Flow;
			sourceTree = "<group>";
		};
		6EBC380B25B879B30022031C /* Coordinator */ = {
			isa = PBXGroup;
			children = (
				6EBC380D25B879CF0022031C /* BaseCoordinator.swift */,
				6EBC381125B879E70022031C /* Coordinator.swift */,
			);
			path = Coordinator;
			sourceTree = "<group>";
		};
		6EBC380C25B879BB0022031C /* Router */ = {
			isa = PBXGroup;
			children = (
				6EBC381425B87A010022031C /* Router.swift */,
				6EBC381725B87A1C0022031C /* Drawable.swift */,
			);
			path = Router;
			sourceTree = "<group>";
		};
		6EBC382325B87B1B0022031C /* Extension */ = {
			isa = PBXGroup;
			children = (
				6EBC382425B87B2A0022031C /* UINavigationController + Extension.swift */,
				6EBC38BB25B8B9980022031C /* Array + Extension.swift */,
				6EBC38C125B8CDAD0022031C /* UIStackView + Extension.swift */,
			);
			path = Extension;
			sourceTree = "<group>";
		};
		6EBC382E25B87C180022031C /* Components */ = {
			isa = PBXGroup;
			children = (
				6EBC382F25B87C2D0022031C /* RootComponent.swift */,
				6EBC383625B87D420022031C /* PexesoComponent.swift */,
				6EBC385A25B888FE0022031C /* TestTasksListComponent.swift */,
			);
			path = Components;
			sourceTree = "<group>";
		};
		6EBC383225B87C570022031C /* AppDelegate */ = {
			isa = PBXGroup;
			children = (
				6EAE5C9325B70FA600FEEF12 /* AppDelegate.swift */,
				6EBC383325B87C7A0022031C /* AppCoordinator.swift */,
				6EBC384725B8813D0022031C /* AppDelegateFactory.swift */,
				6EBC384A25B881550022031C /* CompositeAppDelegate.swift */,
			);
			path = AppDelegate;
			sourceTree = "<group>";
		};
		6EBC384325B87F2A0022031C /* Resourses */ = {
			isa = PBXGroup;
			children = (
				6EBC38B625B8A14D0022031C /* Fonts */,
				6EBC384425B87F420022031C /* Storyboards.swift */,
			);
			path = Resourses;
			sourceTree = "<group>";
		};
		6EBC384D25B882BC0022031C /* TestTasksList */ = {
			isa = PBXGroup;
			children = (
				6EAE5C9925B70FA600FEEF12 /* TestTasksList.storyboard */,
				6EBC384F25B8851C0022031C /* TestTasksListViewController.swift */,
				6EBC385725B8887F0022031C /* TestTasksListCoordinator.swift */,
			);
			path = TestTasksList;
			sourceTree = "<group>";
		};
		6EBC385225B887F80022031C /* PropertyWrappers */ = {
			isa = PBXGroup;
			children = (
				6EBC385325B888130022031C /* Clamping.swift */,
			);
			path = PropertyWrappers;
			sourceTree = "<group>";
		};
		6EBC38B625B8A14D0022031C /* Fonts */ = {
			isa = PBXGroup;
			children = (
				6EBC38B725B8A15E0022031C /* Fonts.swift */,
			);
			path = Fonts;
			sourceTree = "<group>";
		};
		A5BF802B76C59EF90CE17659 /* Frameworks */ = {
			isa = PBXGroup;
			children = (
				C23A1AD4EC66C01C9BDB6BD6 /* Pods_test_tasks.framework */,
			);
			name = Frameworks;
			sourceTree = "<group>";
		};
		C636E4D3F1BD3A745C023318 /* Pods */ = {
			isa = PBXGroup;
			children = (
				CB174DE4069240D5FA91BF97 /* Pods-simple-memory-game.debug.xcconfig */,
				8DAAA6769D9417DDFB0D4549 /* Pods-simple-memory-game.release.xcconfig */,
				8A061C77B22E47750ED7FF68 /* Pods-test-tasks.debug.xcconfig */,
				083149DDB28CEA6722842D7F /* Pods-test-tasks.release.xcconfig */,
			);
			path = Pods;
			sourceTree = "<group>";
		};
/* End PBXGroup section */

/* Begin PBXNativeTarget section */
		6EAE5C8F25B70FA600FEEF12 /* test-tasks */ = {
			isa = PBXNativeTarget;
			buildConfigurationList = 6EAE5CA425B70FA700FEEF12 /* Build configuration list for PBXNativeTarget "test-tasks" */;
			buildPhases = (
				A9F57851671A509B586BEFB7 /* [CP] Check Pods Manifest.lock */,
				6EAE5C8C25B70FA600FEEF12 /* Sources */,
				6EAE5C8D25B70FA600FEEF12 /* Frameworks */,
				6EAE5C8E25B70FA600FEEF12 /* Resources */,
				5A0B4A7EFF489C15D8BD99F3 /* [CP] Embed Pods Frameworks */,
				6EBC382C25B87BC20022031C /* Needle */,
			);
			buildRules = (
			);
			dependencies = (
			);
			name = "test-tasks";
			productName = "simple-memory-game";
			productReference = 6EAE5C9025B70FA600FEEF12 /* test-tasks.app */;
			productType = "com.apple.product-type.application";
		};
/* End PBXNativeTarget section */

/* Begin PBXProject section */
		6EAE5C8825B70FA600FEEF12 /* Project object */ = {
			isa = PBXProject;
			attributes = {
				LastSwiftUpdateCheck = 1230;
				LastUpgradeCheck = 1230;
				TargetAttributes = {
					6EAE5C8F25B70FA600FEEF12 = {
						CreatedOnToolsVersion = 12.3;
					};
				};
			};
			buildConfigurationList = 6EAE5C8B25B70FA600FEEF12 /* Build configuration list for PBXProject "test-tasks" */;
			compatibilityVersion = "Xcode 9.3";
			developmentRegion = en;
			hasScannedForEncodings = 0;
			knownRegions = (
				en,
				Base,
			);
			mainGroup = 6EAE5C8725B70FA600FEEF12;
			productRefGroup = 6EAE5C9125B70FA600FEEF12 /* Products */;
			projectDirPath = "";
			projectRoot = "";
			targets = (
				6EAE5C8F25B70FA600FEEF12 /* test-tasks */,
			);
		};
/* End PBXProject section */

/* Begin PBXResourcesBuildPhase section */
		6EAE5C8E25B70FA600FEEF12 /* Resources */ = {
			isa = PBXResourcesBuildPhase;
			buildActionMask = 2147483647;
			files = (
				6E34089825B83EB700259B0F /* Pexeso.storyboard in Resources */,
				6EAE5CA025B70FA700FEEF12 /* LaunchScreen.storyboard in Resources */,
				6EAFDFEB25B7273B007393DF /* CardView.xib in Resources */,
				6EAFDFF925B729D6007393DF /* CardsHolderView.xib in Resources */,
				6EAE5C9D25B70FA700FEEF12 /* Assets.xcassets in Resources */,
				6EAE5C9B25B70FA600FEEF12 /* TestTasksList.storyboard in Resources */,
				5C148C9C25C958BD007C8531 /* EarthMap.storyboard in Resources */,
			);
			runOnlyForDeploymentPostprocessing = 0;
		};
/* End PBXResourcesBuildPhase section */

/* Begin PBXShellScriptBuildPhase section */
		5A0B4A7EFF489C15D8BD99F3 /* [CP] Embed Pods Frameworks */ = {
			isa = PBXShellScriptBuildPhase;
			buildActionMask = 2147483647;
			files = (
			);
			inputFileListPaths = (
				"${PODS_ROOT}/Target Support Files/Pods-test-tasks/Pods-test-tasks-frameworks-${CONFIGURATION}-input-files.xcfilelist",
			);
			name = "[CP] Embed Pods Frameworks";
			outputFileListPaths = (
				"${PODS_ROOT}/Target Support Files/Pods-test-tasks/Pods-test-tasks-frameworks-${CONFIGURATION}-output-files.xcfilelist",
			);
			runOnlyForDeploymentPostprocessing = 0;
			shellPath = /bin/sh;
			shellScript = "\"${PODS_ROOT}/Target Support Files/Pods-test-tasks/Pods-test-tasks-frameworks.sh\"\n";
			showEnvVarsInLog = 0;
		};
		6EBC382C25B87BC20022031C /* Needle */ = {
			isa = PBXShellScriptBuildPhase;
			buildActionMask = 2147483647;
			files = (
			);
			inputFileListPaths = (
			);
			inputPaths = (
			);
			name = Needle;
			outputFileListPaths = (
			);
			outputPaths = (
			);
			runOnlyForDeploymentPostprocessing = 0;
			shellPath = /bin/sh;
			shellScript = "if which needle > /dev/null; then\n    needle\nelse\n    echo \"warning: Needle not installed, download it from https://github.com/uber/needle\"\nfi\nneedle generate $SRCROOT/$TARGETNAME/NeedleGenerated.swift $SRCROOT/$TARGETNAME\n";
		};
		A9F57851671A509B586BEFB7 /* [CP] Check Pods Manifest.lock */ = {
			isa = PBXShellScriptBuildPhase;
			buildActionMask = 2147483647;
			files = (
			);
			inputFileListPaths = (
			);
			inputPaths = (
				"${PODS_PODFILE_DIR_PATH}/Podfile.lock",
				"${PODS_ROOT}/Manifest.lock",
			);
			name = "[CP] Check Pods Manifest.lock";
			outputFileListPaths = (
			);
			outputPaths = (
				"$(DERIVED_FILE_DIR)/Pods-test-tasks-checkManifestLockResult.txt",
			);
			runOnlyForDeploymentPostprocessing = 0;
			shellPath = /bin/sh;
			shellScript = "diff \"${PODS_PODFILE_DIR_PATH}/Podfile.lock\" \"${PODS_ROOT}/Manifest.lock\" > /dev/null\nif [ $? != 0 ] ; then\n    # print error to STDERR\n    echo \"error: The sandbox is not in sync with the Podfile.lock. Run 'pod install' or update your CocoaPods installation.\" >&2\n    exit 1\nfi\n# This output is used by Xcode 'outputs' to avoid re-running this script phase.\necho \"SUCCESS\" > \"${SCRIPT_OUTPUT_FILE_0}\"\n";
			showEnvVarsInLog = 0;
		};
/* End PBXShellScriptBuildPhase section */

/* Begin PBXSourcesBuildPhase section */
		6EAE5C8C25B70FA600FEEF12 /* Sources */ = {
			isa = PBXSourcesBuildPhase;
			buildActionMask = 2147483647;
			files = (
				6EBC385425B888130022031C /* Clamping.swift in Sources */,
				6E3408A625B840CC00259B0F /* MemoryGameApi.swift in Sources */,
				6EAFDFCB25B714DF007393DF /* CardView.swift in Sources */,
				6EBC383B25B87D9D0022031C /* PexesoCoordinator.swift in Sources */,
				6EBC383425B87C7A0022031C /* AppCoordinator.swift in Sources */,
				6EBC384B25B881550022031C /* CompositeAppDelegate.swift in Sources */,
				6EAFDFD825B716C1007393DF /* Button.swift in Sources */,
				6EBC382525B87B2A0022031C /* UINavigationController + Extension.swift in Sources */,
				6EBC384525B87F420022031C /* Storyboards.swift in Sources */,
				6EAE5C9825B70FA600FEEF12 /* GameViewController.swift in Sources */,
				6EBC38B425B8A0530022031C /* Label.swift in Sources */,
				6EBC382125B87AF20022031C /* ViewController.swift in Sources */,
				6EBC38BC25B8B9980022031C /* Array + Extension.swift in Sources */,
				6EBC381525B87A010022031C /* Router.swift in Sources */,
				6EBC385B25B888FE0022031C /* TestTasksListComponent.swift in Sources */,
				6EBC385025B8851C0022031C /* TestTasksListViewController.swift in Sources */,
				6EAFDFD225B7152C007393DF /* ChainOfResponsibility.swift in Sources */,
				6E33C4C125B865990028E07D /* StartViewController.swift in Sources */,
				6EBC384825B8813D0022031C /* AppDelegateFactory.swift in Sources */,
				6EAE5C9425B70FA600FEEF12 /* AppDelegate.swift in Sources */,
				6EAFDFE825B7269A007393DF /* Card.swift in Sources */,
				6EAE8ADC25B7F5C700D0D926 /* Combine+Helpers.swift in Sources */,
				6EBC383025B87C2D0022031C /* RootComponent.swift in Sources */,
				6EBC38C225B8CDAD0022031C /* UIStackView + Extension.swift in Sources */,
				6EBC381225B879E70022031C /* Coordinator.swift in Sources */,
				6EAFDFE525B72530007393DF /* CardsHolderView.swift in Sources */,
				6EAC89FB25B7720400DD3B0C /* PexesoViewModel.swift in Sources */,
				6E34089C25B83F5D00259B0F /* XibView.swift in Sources */,
				6EBC381825B87A1C0022031C /* Drawable.swift in Sources */,
				6EBC385825B8887F0022031C /* TestTasksListCoordinator.swift in Sources */,
				6E3408A225B8407600259B0F /* ApiFacade.swift in Sources */,
				6EBC381B25B87A780022031C /* CompletionBlocks.swift in Sources */,
				6EAFDFDC25B717BB007393DF /* Assert + Unimplemented.swift in Sources */,
				6EBC381E25B87ABF0022031C /* NavigationController.swift in Sources */,
				6EAC031025B9B51700B4921E /* Pair.swift in Sources */,
				6EBC380E25B879CF0022031C /* BaseCoordinator.swift in Sources */,
				6EBC384125B87EE50022031C /* Reusable.swift in Sources */,
				6EBC38A725B89C990022031C /* NeedleGenerated.swift in Sources */,
				6EBC383725B87D420022031C /* PexesoComponent.swift in Sources */,
				6EBC38B825B8A15E0022031C /* Fonts.swift in Sources */,
				6EBC383E25B87EC70022031C /* Storyboarded.swift in Sources */,
			);
			runOnlyForDeploymentPostprocessing = 0;
		};
/* End PBXSourcesBuildPhase section */

/* Begin PBXVariantGroup section */
		6EAE5C9925B70FA600FEEF12 /* TestTasksList.storyboard */ = {
			isa = PBXVariantGroup;
			children = (
				6EAE5C9A25B70FA600FEEF12 /* Base */,
			);
			name = TestTasksList.storyboard;
			sourceTree = "<group>";
		};
		6EAE5C9E25B70FA700FEEF12 /* LaunchScreen.storyboard */ = {
			isa = PBXVariantGroup;
			children = (
				6EAE5C9F25B70FA700FEEF12 /* Base */,
			);
			name = LaunchScreen.storyboard;
			sourceTree = "<group>";
		};
/* End PBXVariantGroup section */

/* Begin XCBuildConfiguration section */
		6EAE5CA225B70FA700FEEF12 /* Debug */ = {
			isa = XCBuildConfiguration;
			buildSettings = {
				ALWAYS_SEARCH_USER_PATHS = NO;
				CLANG_ANALYZER_NONNULL = YES;
				CLANG_ANALYZER_NUMBER_OBJECT_CONVERSION = YES_AGGRESSIVE;
				CLANG_CXX_LANGUAGE_STANDARD = "gnu++14";
				CLANG_CXX_LIBRARY = "libc++";
				CLANG_ENABLE_MODULES = YES;
				CLANG_ENABLE_OBJC_ARC = YES;
				CLANG_ENABLE_OBJC_WEAK = YES;
				CLANG_WARN_BLOCK_CAPTURE_AUTORELEASING = YES;
				CLANG_WARN_BOOL_CONVERSION = YES;
				CLANG_WARN_COMMA = YES;
				CLANG_WARN_CONSTANT_CONVERSION = YES;
				CLANG_WARN_DEPRECATED_OBJC_IMPLEMENTATIONS = YES;
				CLANG_WARN_DIRECT_OBJC_ISA_USAGE = YES_ERROR;
				CLANG_WARN_DOCUMENTATION_COMMENTS = YES;
				CLANG_WARN_EMPTY_BODY = YES;
				CLANG_WARN_ENUM_CONVERSION = YES;
				CLANG_WARN_INFINITE_RECURSION = YES;
				CLANG_WARN_INT_CONVERSION = YES;
				CLANG_WARN_NON_LITERAL_NULL_CONVERSION = YES;
				CLANG_WARN_OBJC_IMPLICIT_RETAIN_SELF = YES;
				CLANG_WARN_OBJC_LITERAL_CONVERSION = YES;
				CLANG_WARN_OBJC_ROOT_CLASS = YES_ERROR;
				CLANG_WARN_QUOTED_INCLUDE_IN_FRAMEWORK_HEADER = YES;
				CLANG_WARN_RANGE_LOOP_ANALYSIS = YES;
				CLANG_WARN_STRICT_PROTOTYPES = YES;
				CLANG_WARN_SUSPICIOUS_MOVE = YES;
				CLANG_WARN_UNGUARDED_AVAILABILITY = YES_AGGRESSIVE;
				CLANG_WARN_UNREACHABLE_CODE = YES;
				CLANG_WARN__DUPLICATE_METHOD_MATCH = YES;
				COPY_PHASE_STRIP = NO;
				DEBUG_INFORMATION_FORMAT = dwarf;
				ENABLE_STRICT_OBJC_MSGSEND = YES;
				ENABLE_TESTABILITY = YES;
				GCC_C_LANGUAGE_STANDARD = gnu11;
				GCC_DYNAMIC_NO_PIC = NO;
				GCC_NO_COMMON_BLOCKS = YES;
				GCC_OPTIMIZATION_LEVEL = 0;
				GCC_PREPROCESSOR_DEFINITIONS = (
					"DEBUG=1",
					"$(inherited)",
				);
				GCC_WARN_64_TO_32_BIT_CONVERSION = YES;
				GCC_WARN_ABOUT_RETURN_TYPE = YES_ERROR;
				GCC_WARN_UNDECLARED_SELECTOR = YES;
				GCC_WARN_UNINITIALIZED_AUTOS = YES_AGGRESSIVE;
				GCC_WARN_UNUSED_FUNCTION = YES;
				GCC_WARN_UNUSED_VARIABLE = YES;
				IPHONEOS_DEPLOYMENT_TARGET = 14.3;
				MTL_ENABLE_DEBUG_INFO = INCLUDE_SOURCE;
				MTL_FAST_MATH = YES;
				ONLY_ACTIVE_ARCH = YES;
				SDKROOT = iphoneos;
				SWIFT_ACTIVE_COMPILATION_CONDITIONS = DEBUG;
				SWIFT_OPTIMIZATION_LEVEL = "-Onone";
			};
			name = Debug;
		};
		6EAE5CA325B70FA700FEEF12 /* Release */ = {
			isa = XCBuildConfiguration;
			buildSettings = {
				ALWAYS_SEARCH_USER_PATHS = NO;
				CLANG_ANALYZER_NONNULL = YES;
				CLANG_ANALYZER_NUMBER_OBJECT_CONVERSION = YES_AGGRESSIVE;
				CLANG_CXX_LANGUAGE_STANDARD = "gnu++14";
				CLANG_CXX_LIBRARY = "libc++";
				CLANG_ENABLE_MODULES = YES;
				CLANG_ENABLE_OBJC_ARC = YES;
				CLANG_ENABLE_OBJC_WEAK = YES;
				CLANG_WARN_BLOCK_CAPTURE_AUTORELEASING = YES;
				CLANG_WARN_BOOL_CONVERSION = YES;
				CLANG_WARN_COMMA = YES;
				CLANG_WARN_CONSTANT_CONVERSION = YES;
				CLANG_WARN_DEPRECATED_OBJC_IMPLEMENTATIONS = YES;
				CLANG_WARN_DIRECT_OBJC_ISA_USAGE = YES_ERROR;
				CLANG_WARN_DOCUMENTATION_COMMENTS = YES;
				CLANG_WARN_EMPTY_BODY = YES;
				CLANG_WARN_ENUM_CONVERSION = YES;
				CLANG_WARN_INFINITE_RECURSION = YES;
				CLANG_WARN_INT_CONVERSION = YES;
				CLANG_WARN_NON_LITERAL_NULL_CONVERSION = YES;
				CLANG_WARN_OBJC_IMPLICIT_RETAIN_SELF = YES;
				CLANG_WARN_OBJC_LITERAL_CONVERSION = YES;
				CLANG_WARN_OBJC_ROOT_CLASS = YES_ERROR;
				CLANG_WARN_QUOTED_INCLUDE_IN_FRAMEWORK_HEADER = YES;
				CLANG_WARN_RANGE_LOOP_ANALYSIS = YES;
				CLANG_WARN_STRICT_PROTOTYPES = YES;
				CLANG_WARN_SUSPICIOUS_MOVE = YES;
				CLANG_WARN_UNGUARDED_AVAILABILITY = YES_AGGRESSIVE;
				CLANG_WARN_UNREACHABLE_CODE = YES;
				CLANG_WARN__DUPLICATE_METHOD_MATCH = YES;
				COPY_PHASE_STRIP = NO;
				DEBUG_INFORMATION_FORMAT = "dwarf-with-dsym";
				ENABLE_NS_ASSERTIONS = NO;
				ENABLE_STRICT_OBJC_MSGSEND = YES;
				GCC_C_LANGUAGE_STANDARD = gnu11;
				GCC_NO_COMMON_BLOCKS = YES;
				GCC_WARN_64_TO_32_BIT_CONVERSION = YES;
				GCC_WARN_ABOUT_RETURN_TYPE = YES_ERROR;
				GCC_WARN_UNDECLARED_SELECTOR = YES;
				GCC_WARN_UNINITIALIZED_AUTOS = YES_AGGRESSIVE;
				GCC_WARN_UNUSED_FUNCTION = YES;
				GCC_WARN_UNUSED_VARIABLE = YES;
				IPHONEOS_DEPLOYMENT_TARGET = 14.3;
				MTL_ENABLE_DEBUG_INFO = NO;
				MTL_FAST_MATH = YES;
				SDKROOT = iphoneos;
				SWIFT_COMPILATION_MODE = wholemodule;
				SWIFT_OPTIMIZATION_LEVEL = "-O";
				VALIDATE_PRODUCT = YES;
			};
			name = Release;
		};
		6EAE5CA525B70FA700FEEF12 /* Debug */ = {
			isa = XCBuildConfiguration;
			baseConfigurationReference = 8A061C77B22E47750ED7FF68 /* Pods-test-tasks.debug.xcconfig */;
			buildSettings = {
				ASSETCATALOG_COMPILER_APPICON_NAME = AppIcon;
				ASSETCATALOG_COMPILER_GLOBAL_ACCENT_COLOR_NAME = AccentColor;
				CODE_SIGN_STYLE = Automatic;
				DEVELOPMENT_TEAM = 6BS4YLQR35;
				INFOPLIST_FILE = "test-tasks/Info.plist";
				IPHONEOS_DEPLOYMENT_TARGET = 13.0;
				LD_RUNPATH_SEARCH_PATHS = (
					"$(inherited)",
					"@executable_path/Frameworks",
				);
				PRODUCT_BUNDLE_IDENTIFIER = "kpa.test-task";
				PRODUCT_NAME = "$(TARGET_NAME)";
				SWIFT_VERSION = 5.0;
				TARGETED_DEVICE_FAMILY = "1,2";
			};
			name = Debug;
		};
		6EAE5CA625B70FA700FEEF12 /* Release */ = {
			isa = XCBuildConfiguration;
			baseConfigurationReference = 083149DDB28CEA6722842D7F /* Pods-test-tasks.release.xcconfig */;
			buildSettings = {
				ASSETCATALOG_COMPILER_APPICON_NAME = AppIcon;
				ASSETCATALOG_COMPILER_GLOBAL_ACCENT_COLOR_NAME = AccentColor;
				CODE_SIGN_STYLE = Automatic;
				DEVELOPMENT_TEAM = 6BS4YLQR35;
				INFOPLIST_FILE = "test-tasks/Info.plist";
				IPHONEOS_DEPLOYMENT_TARGET = 13.0;
				LD_RUNPATH_SEARCH_PATHS = (
					"$(inherited)",
					"@executable_path/Frameworks",
				);
				PRODUCT_BUNDLE_IDENTIFIER = "kpa.test-task";
				PRODUCT_NAME = "$(TARGET_NAME)";
				SWIFT_VERSION = 5.0;
				TARGETED_DEVICE_FAMILY = "1,2";
			};
			name = Release;
		};
/* End XCBuildConfiguration section */

/* Begin XCConfigurationList section */
		6EAE5C8B25B70FA600FEEF12 /* Build configuration list for PBXProject "test-tasks" */ = {
			isa = XCConfigurationList;
			buildConfigurations = (
				6EAE5CA225B70FA700FEEF12 /* Debug */,
				6EAE5CA325B70FA700FEEF12 /* Release */,
			);
			defaultConfigurationIsVisible = 0;
			defaultConfigurationName = Release;
		};
		6EAE5CA425B70FA700FEEF12 /* Build configuration list for PBXNativeTarget "test-tasks" */ = {
			isa = XCConfigurationList;
			buildConfigurations = (
				6EAE5CA525B70FA700FEEF12 /* Debug */,
				6EAE5CA625B70FA700FEEF12 /* Release */,
			);
			defaultConfigurationIsVisible = 0;
			defaultConfigurationName = Release;
		};
/* End XCConfigurationList section */
	};
	rootObject = 6EAE5C8825B70FA600FEEF12 /* Project object */;
}
