// !$*UTF8*$!
{
	archiveVersion = 1;
	classes = {
	};
	objectVersion = 52;
	objects = {

/* Begin PBXBuildFile section */
		5C1C52422601294B00EFC94A /* CardsRepository.swift in Sources */ = {isa = PBXBuildFile; fileRef = 5C1C52412601294B00EFC94A /* CardsRepository.swift */; };
		5C1C5245260129AE00EFC94A /* CardsRepositoryImpl.swift in Sources */ = {isa = PBXBuildFile; fileRef = 5C1C5244260129AE00EFC94A /* CardsRepositoryImpl.swift */; };
		5C2D7D0C25F8FC3A00261174 /* PexesoGameCoordinator.swift in Sources */ = {isa = PBXBuildFile; fileRef = 5C2D7D0B25F8FC3A00261174 /* PexesoGameCoordinator.swift */; };
		5C2D7D0E25F8FC5400261174 /* PexesoStartCoordinator.swift in Sources */ = {isa = PBXBuildFile; fileRef = 5C2D7D0D25F8FC5400261174 /* PexesoStartCoordinator.swift */; };
		5C436B242614A65E00F9F9BC /* Сurrency.swift in Sources */ = {isa = PBXBuildFile; fileRef = 5C436B232614A65E00F9F9BC /* Сurrency.swift */; };
		5C436B302614B87D00F9F9BC /* FetchExchangeRatesUseCase.swift in Sources */ = {isa = PBXBuildFile; fileRef = 5C436B2F2614B87D00F9F9BC /* FetchExchangeRatesUseCase.swift */; };
		5C645CE826083D0800E6815C /* CoreDataStorage.swift in Sources */ = {isa = PBXBuildFile; fileRef = 5C645CE726083D0800E6815C /* CoreDataStorage.swift */; };
		5C645CEA26087A6700E6815C /* Repository.swift in Sources */ = {isa = PBXBuildFile; fileRef = 5C645CE926087A6700E6815C /* Repository.swift */; };
		5C871657260A34E300423D52 /* ExchangeRatesContentView.swift in Sources */ = {isa = PBXBuildFile; fileRef = 5C871656260A34E300423D52 /* ExchangeRatesContentView.swift */; };
		5C871659260A37CE00423D52 /* ExchangeRatesViewModel.swift in Sources */ = {isa = PBXBuildFile; fileRef = 5C871658260A37CE00423D52 /* ExchangeRatesViewModel.swift */; };
		5C8EB4E4260DF0F400F15888 /* ExchangeRatesDTO.swift in Sources */ = {isa = PBXBuildFile; fileRef = 5C8EB4E3260DF0F400F15888 /* ExchangeRatesDTO.swift */; };
		5C8EB4E6260DFCB500F15888 /* ExchangeRatesApi.swift in Sources */ = {isa = PBXBuildFile; fileRef = 5C8EB4E5260DFCB500F15888 /* ExchangeRatesApi.swift */; };
		5CE7B8BF25FFB013009D2596 /* FetchCardsUseCase.swift in Sources */ = {isa = PBXBuildFile; fileRef = 5CE7B8BE25FFB013009D2596 /* FetchCardsUseCase.swift */; };
		6E33C4C125B865990028E07D /* PexesoStartViewController.swift in Sources */ = {isa = PBXBuildFile; fileRef = 6E33C4C025B865990028E07D /* PexesoStartViewController.swift */; };
		6E34089825B83EB700259B0F /* Pexeso.storyboard in Resources */ = {isa = PBXBuildFile; fileRef = 6E34089725B83EB700259B0F /* Pexeso.storyboard */; };
		6E34089C25B83F5D00259B0F /* XibView.swift in Sources */ = {isa = PBXBuildFile; fileRef = 6E34089B25B83F5D00259B0F /* XibView.swift */; };
		6E3408A625B840CC00259B0F /* MemoryGameApi.swift in Sources */ = {isa = PBXBuildFile; fileRef = 6E3408A525B840CC00259B0F /* MemoryGameApi.swift */; };
		6E74610A2619FF5B00A756D1 /* MoyaNetworkClient-Combine in Frameworks */ = {isa = PBXBuildFile; productRef = 6E7461092619FF5B00A756D1 /* MoyaNetworkClient-Combine */; };
		6E746110261A009800A756D1 /* ExchangeRatesRepository.swift in Sources */ = {isa = PBXBuildFile; fileRef = 6E74610F261A009800A756D1 /* ExchangeRatesRepository.swift */; };
		6E746122261A310C00A756D1 /* CurrencyRateView.swift in Sources */ = {isa = PBXBuildFile; fileRef = 6E746121261A310C00A756D1 /* CurrencyRateView.swift */; };
		6E746126261A390900A756D1 /* CurrencyRatesListView.swift in Sources */ = {isa = PBXBuildFile; fileRef = 6E746125261A390900A756D1 /* CurrencyRatesListView.swift */; };
		6E996B0F25D0385900126375 /* PushNotificationsAppDelegate.swift in Sources */ = {isa = PBXBuildFile; fileRef = 6E996B0E25D0385900126375 /* PushNotificationsAppDelegate.swift */; };
		6E996B1D25D04B8600126375 /* LogService.swift in Sources */ = {isa = PBXBuildFile; fileRef = 6E996B1C25D04B8600126375 /* LogService.swift */; };
		6EAC031025B9B51700B4921E /* Pair.swift in Sources */ = {isa = PBXBuildFile; fileRef = 6EAC030F25B9B51700B4921E /* Pair.swift */; };
		6EAC89FB25B7720400DD3B0C /* PexesoViewModel.swift in Sources */ = {isa = PBXBuildFile; fileRef = 6EAC89FA25B7720400DD3B0C /* PexesoViewModel.swift */; };
		6EAD787825F651E900AFE6FD /* NeedleFoundation in Frameworks */ = {isa = PBXBuildFile; productRef = 6EAD787725F651E900AFE6FD /* NeedleFoundation */; };
		6EAD788625F6542C00AFE6FD /* SFSafeSymbols in Frameworks */ = {isa = PBXBuildFile; productRef = 6EAD788525F6542C00AFE6FD /* SFSafeSymbols */; };
		6EAD788C25F6566200AFE6FD /* SwiftyBeaver in Frameworks */ = {isa = PBXBuildFile; productRef = 6EAD788B25F6566200AFE6FD /* SwiftyBeaver */; };
		6EAE5C9425B70FA600FEEF12 /* AppDelegate.swift in Sources */ = {isa = PBXBuildFile; fileRef = 6EAE5C9325B70FA600FEEF12 /* AppDelegate.swift */; };
		6EAE5C9825B70FA600FEEF12 /* PexesoGameViewController.swift in Sources */ = {isa = PBXBuildFile; fileRef = 6EAE5C9725B70FA600FEEF12 /* PexesoGameViewController.swift */; };
		6EAE5C9D25B70FA700FEEF12 /* Assets.xcassets in Resources */ = {isa = PBXBuildFile; fileRef = 6EAE5C9C25B70FA700FEEF12 /* Assets.xcassets */; };
		6EAE5CA025B70FA700FEEF12 /* LaunchScreen.storyboard in Resources */ = {isa = PBXBuildFile; fileRef = 6EAE5C9E25B70FA700FEEF12 /* LaunchScreen.storyboard */; };
		6EAFDFCB25B714DF007393DF /* CardView.swift in Sources */ = {isa = PBXBuildFile; fileRef = 6EAFDFC925B714DF007393DF /* CardView.swift */; };
		6EAFDFD225B7152C007393DF /* ChainOfResponsibility.swift in Sources */ = {isa = PBXBuildFile; fileRef = 6EAFDFD125B7152C007393DF /* ChainOfResponsibility.swift */; };
		6EAFDFD825B716C1007393DF /* Button.swift in Sources */ = {isa = PBXBuildFile; fileRef = 6EAFDFD725B716C1007393DF /* Button.swift */; };
		6EAFDFDC25B717BB007393DF /* Assert + Unimplemented.swift in Sources */ = {isa = PBXBuildFile; fileRef = 6EAFDFDB25B717BB007393DF /* Assert + Unimplemented.swift */; };
		6EAFDFE525B72530007393DF /* CardsHolderView.swift in Sources */ = {isa = PBXBuildFile; fileRef = 6EAFDFE425B72530007393DF /* CardsHolderView.swift */; };
		6EAFDFE825B7269A007393DF /* Card.swift in Sources */ = {isa = PBXBuildFile; fileRef = 6EAFDFE725B7269A007393DF /* Card.swift */; };
		6EAFDFEB25B7273B007393DF /* CardView.xib in Resources */ = {isa = PBXBuildFile; fileRef = 6EAFDFEA25B7273B007393DF /* CardView.xib */; };
		6EAFDFF925B729D6007393DF /* CardsHolderView.xib in Resources */ = {isa = PBXBuildFile; fileRef = 6EAFDFF825B729D6007393DF /* CardsHolderView.xib */; };
		6EB2B77525D420D100ECBB7E /* Service.swift in Sources */ = {isa = PBXBuildFile; fileRef = 6EB2B77425D420D100ECBB7E /* Service.swift */; };
		6EB2B77825D4217600ECBB7E /* ReachabilityManager.swift in Sources */ = {isa = PBXBuildFile; fileRef = 6EB2B77725D4217600ECBB7E /* ReachabilityManager.swift */; };
		6EBC380E25B879CF0022031C /* BaseCoordinator.swift in Sources */ = {isa = PBXBuildFile; fileRef = 6EBC380D25B879CF0022031C /* BaseCoordinator.swift */; };
		6EBC381225B879E70022031C /* Coordinator.swift in Sources */ = {isa = PBXBuildFile; fileRef = 6EBC381125B879E70022031C /* Coordinator.swift */; };
		6EBC381525B87A010022031C /* Router.swift in Sources */ = {isa = PBXBuildFile; fileRef = 6EBC381425B87A010022031C /* Router.swift */; };
		6EBC381825B87A1C0022031C /* Drawable.swift in Sources */ = {isa = PBXBuildFile; fileRef = 6EBC381725B87A1C0022031C /* Drawable.swift */; };
		6EBC381B25B87A780022031C /* Typealias.swift in Sources */ = {isa = PBXBuildFile; fileRef = 6EBC381A25B87A780022031C /* Typealias.swift */; };
		6EBC381E25B87ABF0022031C /* NavigationController.swift in Sources */ = {isa = PBXBuildFile; fileRef = 6EBC381D25B87ABF0022031C /* NavigationController.swift */; };
		6EBC382125B87AF20022031C /* ViewController.swift in Sources */ = {isa = PBXBuildFile; fileRef = 6EBC382025B87AF20022031C /* ViewController.swift */; };
		6EBC382525B87B2A0022031C /* UINavigationController + Extension.swift in Sources */ = {isa = PBXBuildFile; fileRef = 6EBC382425B87B2A0022031C /* UINavigationController + Extension.swift */; };
		6EBC383025B87C2D0022031C /* RootComponent.swift in Sources */ = {isa = PBXBuildFile; fileRef = 6EBC382F25B87C2D0022031C /* RootComponent.swift */; };
		6EBC383425B87C7A0022031C /* AppCoordinator.swift in Sources */ = {isa = PBXBuildFile; fileRef = 6EBC383325B87C7A0022031C /* AppCoordinator.swift */; };
		6EBC383725B87D420022031C /* PexesoComponent.swift in Sources */ = {isa = PBXBuildFile; fileRef = 6EBC383625B87D420022031C /* PexesoComponent.swift */; };
		6EBC383E25B87EC70022031C /* Storyboarded.swift in Sources */ = {isa = PBXBuildFile; fileRef = 6EBC383D25B87EC70022031C /* Storyboarded.swift */; };
		6EBC384125B87EE50022031C /* Reusable.swift in Sources */ = {isa = PBXBuildFile; fileRef = 6EBC384025B87EE50022031C /* Reusable.swift */; };
		6EBC384525B87F420022031C /* Storyboards.swift in Sources */ = {isa = PBXBuildFile; fileRef = 6EBC384425B87F420022031C /* Storyboards.swift */; };
		6EBC384825B8813D0022031C /* AppDelegateFactory.swift in Sources */ = {isa = PBXBuildFile; fileRef = 6EBC384725B8813D0022031C /* AppDelegateFactory.swift */; };
		6EBC384B25B881550022031C /* CompositeAppDelegate.swift in Sources */ = {isa = PBXBuildFile; fileRef = 6EBC384A25B881550022031C /* CompositeAppDelegate.swift */; };
		6EBC385425B888130022031C /* Clamping.swift in Sources */ = {isa = PBXBuildFile; fileRef = 6EBC385325B888130022031C /* Clamping.swift */; };
		6EBC38B425B8A0530022031C /* Label.swift in Sources */ = {isa = PBXBuildFile; fileRef = 6EBC38B325B8A0530022031C /* Label.swift */; };
		6EBC38B825B8A15E0022031C /* Fonts.swift in Sources */ = {isa = PBXBuildFile; fileRef = 6EBC38B725B8A15E0022031C /* Fonts.swift */; };
		6EBC38BC25B8B9980022031C /* Array + Extension.swift in Sources */ = {isa = PBXBuildFile; fileRef = 6EBC38BB25B8B9980022031C /* Array + Extension.swift */; };
		6EBC38C225B8CDAD0022031C /* UIStackView + Extension.swift in Sources */ = {isa = PBXBuildFile; fileRef = 6EBC38C125B8CDAD0022031C /* UIStackView + Extension.swift */; };
		6EC6899426122289001C9CE6 /* Bagel in Frameworks */ = {isa = PBXBuildFile; productRef = 6EC6899326122289001C9CE6 /* Bagel */; };
		6EC68996261222DD001C9CE6 /* ExchangeRatesRepositoryImpl.swift in Sources */ = {isa = PBXBuildFile; fileRef = 6EC68995261222DD001C9CE6 /* ExchangeRatesRepositoryImpl.swift */; };
		6ECC63D525FA746E001C9903 /* Publisher + Extension.swift in Sources */ = {isa = PBXBuildFile; fileRef = 6ECC63D425FA746E001C9903 /* Publisher + Extension.swift */; };
		6ECC63DC25FA988F001C9903 /* NeedleGenerated.swift in Sources */ = {isa = PBXBuildFile; fileRef = 6ECC63DB25FA988F001C9903 /* NeedleGenerated.swift */; };
		6ECC63DE25FAA4C0001C9903 /* AppAppearance.swift in Sources */ = {isa = PBXBuildFile; fileRef = 6ECC63DD25FAA4C0001C9903 /* AppAppearance.swift */; };
		6ECC63E025FAA4FB001C9903 /* AppConfiguration.swift in Sources */ = {isa = PBXBuildFile; fileRef = 6ECC63DF25FAA4FB001C9903 /* AppConfiguration.swift */; };
		6EDAB2DC26024B390053F7AA /* UseCaseKit in Frameworks */ = {isa = PBXBuildFile; productRef = 6EDAB2DB26024B390053F7AA /* UseCaseKit */; };
		6EDAB32626028A780053F7AA /* FetchState.swift in Sources */ = {isa = PBXBuildFile; fileRef = 6EDAB32526028A780053F7AA /* FetchState.swift */; };
		6EDAB32826028B060053F7AA /* TimerUseCase.swift in Sources */ = {isa = PBXBuildFile; fileRef = 6EDAB32726028B060053F7AA /* TimerUseCase.swift */; };
/* End PBXBuildFile section */

/* Begin PBXCopyFilesBuildPhase section */
		6EAD788325F653BA00AFE6FD /* Embed Frameworks */ = {
			isa = PBXCopyFilesBuildPhase;
			buildActionMask = 2147483647;
			dstPath = "";
			dstSubfolderSpec = 10;
			files = (
			);
			name = "Embed Frameworks";
			runOnlyForDeploymentPostprocessing = 0;
		};
/* End PBXCopyFilesBuildPhase section */

/* Begin PBXFileReference section */
		5C1C52412601294B00EFC94A /* CardsRepository.swift */ = {isa = PBXFileReference; lastKnownFileType = sourcecode.swift; path = CardsRepository.swift; sourceTree = "<group>"; };
		5C1C5244260129AE00EFC94A /* CardsRepositoryImpl.swift */ = {isa = PBXFileReference; lastKnownFileType = sourcecode.swift; path = CardsRepositoryImpl.swift; sourceTree = "<group>"; };
		5C2D7D0B25F8FC3A00261174 /* PexesoGameCoordinator.swift */ = {isa = PBXFileReference; lastKnownFileType = sourcecode.swift; path = PexesoGameCoordinator.swift; sourceTree = "<group>"; };
		5C2D7D0D25F8FC5400261174 /* PexesoStartCoordinator.swift */ = {isa = PBXFileReference; lastKnownFileType = sourcecode.swift; path = PexesoStartCoordinator.swift; sourceTree = "<group>"; };
		5C436B232614A65E00F9F9BC /* Сurrency.swift */ = {isa = PBXFileReference; lastKnownFileType = sourcecode.swift; path = "Сurrency.swift"; sourceTree = "<group>"; };
		5C436B2F2614B87D00F9F9BC /* FetchExchangeRatesUseCase.swift */ = {isa = PBXFileReference; lastKnownFileType = sourcecode.swift; path = FetchExchangeRatesUseCase.swift; sourceTree = "<group>"; };
		5C645CE726083D0800E6815C /* CoreDataStorage.swift */ = {isa = PBXFileReference; lastKnownFileType = sourcecode.swift; path = CoreDataStorage.swift; sourceTree = "<group>"; };
		5C645CE926087A6700E6815C /* Repository.swift */ = {isa = PBXFileReference; lastKnownFileType = sourcecode.swift; path = Repository.swift; sourceTree = "<group>"; };
		5C871656260A34E300423D52 /* ExchangeRatesContentView.swift */ = {isa = PBXFileReference; lastKnownFileType = sourcecode.swift; path = ExchangeRatesContentView.swift; sourceTree = "<group>"; };
		5C871658260A37CE00423D52 /* ExchangeRatesViewModel.swift */ = {isa = PBXFileReference; lastKnownFileType = sourcecode.swift; path = ExchangeRatesViewModel.swift; sourceTree = "<group>"; };
		5C8EB4E3260DF0F400F15888 /* ExchangeRatesDTO.swift */ = {isa = PBXFileReference; lastKnownFileType = sourcecode.swift; path = ExchangeRatesDTO.swift; sourceTree = "<group>"; };
		5C8EB4E5260DFCB500F15888 /* ExchangeRatesApi.swift */ = {isa = PBXFileReference; lastKnownFileType = sourcecode.swift; path = ExchangeRatesApi.swift; sourceTree = "<group>"; };
		5CE7B8BE25FFB013009D2596 /* FetchCardsUseCase.swift */ = {isa = PBXFileReference; lastKnownFileType = sourcecode.swift; path = FetchCardsUseCase.swift; sourceTree = "<group>"; };
		6E33C4C025B865990028E07D /* PexesoStartViewController.swift */ = {isa = PBXFileReference; lastKnownFileType = sourcecode.swift; path = PexesoStartViewController.swift; sourceTree = "<group>"; };
		6E34089725B83EB700259B0F /* Pexeso.storyboard */ = {isa = PBXFileReference; lastKnownFileType = file.storyboard; path = Pexeso.storyboard; sourceTree = "<group>"; };
		6E34089B25B83F5D00259B0F /* XibView.swift */ = {isa = PBXFileReference; lastKnownFileType = sourcecode.swift; path = XibView.swift; sourceTree = "<group>"; };
		6E3408A525B840CC00259B0F /* MemoryGameApi.swift */ = {isa = PBXFileReference; lastKnownFileType = sourcecode.swift; path = MemoryGameApi.swift; sourceTree = "<group>"; };
		6E74610F261A009800A756D1 /* ExchangeRatesRepository.swift */ = {isa = PBXFileReference; fileEncoding = 4; lastKnownFileType = sourcecode.swift; path = ExchangeRatesRepository.swift; sourceTree = "<group>"; };
		6E746121261A310C00A756D1 /* CurrencyRateView.swift */ = {isa = PBXFileReference; lastKnownFileType = sourcecode.swift; path = CurrencyRateView.swift; sourceTree = "<group>"; };
		6E746125261A390900A756D1 /* CurrencyRatesListView.swift */ = {isa = PBXFileReference; lastKnownFileType = sourcecode.swift; path = CurrencyRatesListView.swift; sourceTree = "<group>"; };
		6E996B0E25D0385900126375 /* PushNotificationsAppDelegate.swift */ = {isa = PBXFileReference; lastKnownFileType = sourcecode.swift; path = PushNotificationsAppDelegate.swift; sourceTree = "<group>"; };
		6E996B1425D03C2F00126375 /* test-tasks.entitlements */ = {isa = PBXFileReference; lastKnownFileType = text.plist.entitlements; path = "test-tasks.entitlements"; sourceTree = "<group>"; };
		6E996B1C25D04B8600126375 /* LogService.swift */ = {isa = PBXFileReference; lastKnownFileType = sourcecode.swift; path = LogService.swift; sourceTree = "<group>"; };
		6EAC030F25B9B51700B4921E /* Pair.swift */ = {isa = PBXFileReference; lastKnownFileType = sourcecode.swift; path = Pair.swift; sourceTree = "<group>"; };
		6EAC89FA25B7720400DD3B0C /* PexesoViewModel.swift */ = {isa = PBXFileReference; lastKnownFileType = sourcecode.swift; path = PexesoViewModel.swift; sourceTree = "<group>"; };
		6EAD789A25F68B9800AFE6FD /* test-tasks.app */ = {isa = PBXFileReference; explicitFileType = wrapper.application; includeInIndex = 0; path = "test-tasks.app"; sourceTree = BUILT_PRODUCTS_DIR; };
		6EAE5C9325B70FA600FEEF12 /* AppDelegate.swift */ = {isa = PBXFileReference; lastKnownFileType = sourcecode.swift; path = AppDelegate.swift; sourceTree = "<group>"; };
		6EAE5C9725B70FA600FEEF12 /* PexesoGameViewController.swift */ = {isa = PBXFileReference; lastKnownFileType = sourcecode.swift; path = PexesoGameViewController.swift; sourceTree = "<group>"; };
		6EAE5C9C25B70FA700FEEF12 /* Assets.xcassets */ = {isa = PBXFileReference; lastKnownFileType = folder.assetcatalog; path = Assets.xcassets; sourceTree = "<group>"; };
		6EAE5C9F25B70FA700FEEF12 /* Base */ = {isa = PBXFileReference; lastKnownFileType = file.storyboard; name = Base; path = Base.lproj/LaunchScreen.storyboard; sourceTree = "<group>"; };
		6EAE5CA125B70FA700FEEF12 /* Info.plist */ = {isa = PBXFileReference; lastKnownFileType = text.plist.xml; path = Info.plist; sourceTree = "<group>"; };
		6EAFDFC925B714DF007393DF /* CardView.swift */ = {isa = PBXFileReference; lastKnownFileType = sourcecode.swift; path = CardView.swift; sourceTree = "<group>"; };
		6EAFDFD125B7152C007393DF /* ChainOfResponsibility.swift */ = {isa = PBXFileReference; lastKnownFileType = sourcecode.swift; path = ChainOfResponsibility.swift; sourceTree = "<group>"; };
		6EAFDFD725B716C1007393DF /* Button.swift */ = {isa = PBXFileReference; lastKnownFileType = sourcecode.swift; path = Button.swift; sourceTree = "<group>"; };
		6EAFDFDB25B717BB007393DF /* Assert + Unimplemented.swift */ = {isa = PBXFileReference; lastKnownFileType = sourcecode.swift; path = "Assert + Unimplemented.swift"; sourceTree = "<group>"; };
		6EAFDFE425B72530007393DF /* CardsHolderView.swift */ = {isa = PBXFileReference; lastKnownFileType = sourcecode.swift; path = CardsHolderView.swift; sourceTree = "<group>"; };
		6EAFDFE725B7269A007393DF /* Card.swift */ = {isa = PBXFileReference; lastKnownFileType = sourcecode.swift; path = Card.swift; sourceTree = "<group>"; };
		6EAFDFEA25B7273B007393DF /* CardView.xib */ = {isa = PBXFileReference; lastKnownFileType = file.xib; path = CardView.xib; sourceTree = "<group>"; };
		6EAFDFF825B729D6007393DF /* CardsHolderView.xib */ = {isa = PBXFileReference; lastKnownFileType = file.xib; path = CardsHolderView.xib; sourceTree = "<group>"; };
		6EB2B77425D420D100ECBB7E /* Service.swift */ = {isa = PBXFileReference; lastKnownFileType = sourcecode.swift; path = Service.swift; sourceTree = "<group>"; };
		6EB2B77725D4217600ECBB7E /* ReachabilityManager.swift */ = {isa = PBXFileReference; lastKnownFileType = sourcecode.swift; path = ReachabilityManager.swift; sourceTree = "<group>"; };
		6EBC380D25B879CF0022031C /* BaseCoordinator.swift */ = {isa = PBXFileReference; lastKnownFileType = sourcecode.swift; path = BaseCoordinator.swift; sourceTree = "<group>"; };
		6EBC381125B879E70022031C /* Coordinator.swift */ = {isa = PBXFileReference; lastKnownFileType = sourcecode.swift; path = Coordinator.swift; sourceTree = "<group>"; };
		6EBC381425B87A010022031C /* Router.swift */ = {isa = PBXFileReference; lastKnownFileType = sourcecode.swift; path = Router.swift; sourceTree = "<group>"; };
		6EBC381725B87A1C0022031C /* Drawable.swift */ = {isa = PBXFileReference; lastKnownFileType = sourcecode.swift; path = Drawable.swift; sourceTree = "<group>"; };
		6EBC381A25B87A780022031C /* Typealias.swift */ = {isa = PBXFileReference; lastKnownFileType = sourcecode.swift; path = Typealias.swift; sourceTree = "<group>"; };
		6EBC381D25B87ABF0022031C /* NavigationController.swift */ = {isa = PBXFileReference; lastKnownFileType = sourcecode.swift; path = NavigationController.swift; sourceTree = "<group>"; };
		6EBC382025B87AF20022031C /* ViewController.swift */ = {isa = PBXFileReference; lastKnownFileType = sourcecode.swift; path = ViewController.swift; sourceTree = "<group>"; };
		6EBC382425B87B2A0022031C /* UINavigationController + Extension.swift */ = {isa = PBXFileReference; lastKnownFileType = sourcecode.swift; path = "UINavigationController + Extension.swift"; sourceTree = "<group>"; };
		6EBC382F25B87C2D0022031C /* RootComponent.swift */ = {isa = PBXFileReference; lastKnownFileType = sourcecode.swift; path = RootComponent.swift; sourceTree = "<group>"; };
		6EBC383325B87C7A0022031C /* AppCoordinator.swift */ = {isa = PBXFileReference; lastKnownFileType = sourcecode.swift; path = AppCoordinator.swift; sourceTree = "<group>"; };
		6EBC383625B87D420022031C /* PexesoComponent.swift */ = {isa = PBXFileReference; lastKnownFileType = sourcecode.swift; path = PexesoComponent.swift; sourceTree = "<group>"; };
		6EBC383D25B87EC70022031C /* Storyboarded.swift */ = {isa = PBXFileReference; lastKnownFileType = sourcecode.swift; path = Storyboarded.swift; sourceTree = "<group>"; };
		6EBC384025B87EE50022031C /* Reusable.swift */ = {isa = PBXFileReference; lastKnownFileType = sourcecode.swift; path = Reusable.swift; sourceTree = "<group>"; };
		6EBC384425B87F420022031C /* Storyboards.swift */ = {isa = PBXFileReference; lastKnownFileType = sourcecode.swift; path = Storyboards.swift; sourceTree = "<group>"; };
		6EBC384725B8813D0022031C /* AppDelegateFactory.swift */ = {isa = PBXFileReference; lastKnownFileType = sourcecode.swift; path = AppDelegateFactory.swift; sourceTree = "<group>"; };
		6EBC384A25B881550022031C /* CompositeAppDelegate.swift */ = {isa = PBXFileReference; lastKnownFileType = sourcecode.swift; path = CompositeAppDelegate.swift; sourceTree = "<group>"; };
		6EBC385325B888130022031C /* Clamping.swift */ = {isa = PBXFileReference; lastKnownFileType = sourcecode.swift; path = Clamping.swift; sourceTree = "<group>"; };
		6EBC38B325B8A0530022031C /* Label.swift */ = {isa = PBXFileReference; lastKnownFileType = sourcecode.swift; path = Label.swift; sourceTree = "<group>"; };
		6EBC38B725B8A15E0022031C /* Fonts.swift */ = {isa = PBXFileReference; lastKnownFileType = sourcecode.swift; path = Fonts.swift; sourceTree = "<group>"; };
		6EBC38BB25B8B9980022031C /* Array + Extension.swift */ = {isa = PBXFileReference; lastKnownFileType = sourcecode.swift; path = "Array + Extension.swift"; sourceTree = "<group>"; };
		6EBC38C125B8CDAD0022031C /* UIStackView + Extension.swift */ = {isa = PBXFileReference; lastKnownFileType = sourcecode.swift; path = "UIStackView + Extension.swift"; sourceTree = "<group>"; };
		6EC68995261222DD001C9CE6 /* ExchangeRatesRepositoryImpl.swift */ = {isa = PBXFileReference; lastKnownFileType = sourcecode.swift; path = ExchangeRatesRepositoryImpl.swift; sourceTree = "<group>"; };
		6ECC63D425FA746E001C9903 /* Publisher + Extension.swift */ = {isa = PBXFileReference; lastKnownFileType = sourcecode.swift; path = "Publisher + Extension.swift"; sourceTree = "<group>"; };
		6ECC63DB25FA988F001C9903 /* NeedleGenerated.swift */ = {isa = PBXFileReference; fileEncoding = 4; lastKnownFileType = sourcecode.swift; path = NeedleGenerated.swift; sourceTree = "<group>"; };
		6ECC63DD25FAA4C0001C9903 /* AppAppearance.swift */ = {isa = PBXFileReference; lastKnownFileType = sourcecode.swift; path = AppAppearance.swift; sourceTree = "<group>"; };
		6ECC63DF25FAA4FB001C9903 /* AppConfiguration.swift */ = {isa = PBXFileReference; lastKnownFileType = sourcecode.swift; path = AppConfiguration.swift; sourceTree = "<group>"; };
		6EDAB32526028A780053F7AA /* FetchState.swift */ = {isa = PBXFileReference; lastKnownFileType = sourcecode.swift; path = FetchState.swift; sourceTree = "<group>"; };
		6EDAB32726028B060053F7AA /* TimerUseCase.swift */ = {isa = PBXFileReference; lastKnownFileType = sourcecode.swift; path = TimerUseCase.swift; sourceTree = "<group>"; };
/* End PBXFileReference section */

/* Begin PBXFrameworksBuildPhase section */
		6EAE5C8D25B70FA600FEEF12 /* Frameworks */ = {
			isa = PBXFrameworksBuildPhase;
			buildActionMask = 2147483647;
			files = (
				6EC6899426122289001C9CE6 /* Bagel in Frameworks */,
				6EAD788625F6542C00AFE6FD /* SFSafeSymbols in Frameworks */,
				6EAD787825F651E900AFE6FD /* NeedleFoundation in Frameworks */,
				6EAD788C25F6566200AFE6FD /* SwiftyBeaver in Frameworks */,
				6E74610A2619FF5B00A756D1 /* MoyaNetworkClient-Combine in Frameworks */,
				6EDAB2DC26024B390053F7AA /* UseCaseKit in Frameworks */,
			);
			runOnlyForDeploymentPostprocessing = 0;
		};
/* End PBXFrameworksBuildPhase section */

/* Begin PBXGroup section */
		5C1C51E9260126DA00EFC94A /* Interfaces */ = {
			isa = PBXGroup;
			children = (
				5C1C523F2601292B00EFC94A /* Repositories */,
			);
			path = Interfaces;
			sourceTree = "<group>";
		};
		5C1C523F2601292B00EFC94A /* Repositories */ = {
			isa = PBXGroup;
			children = (
				5C1C52412601294B00EFC94A /* CardsRepository.swift */,
				6E74610F261A009800A756D1 /* ExchangeRatesRepository.swift */,
			);
			path = Repositories;
			sourceTree = "<group>";
		};
		5C1C5243260129A100EFC94A /* Repositories */ = {
			isa = PBXGroup;
			children = (
				5C645CE926087A6700E6815C /* Repository.swift */,
				5C1C5244260129AE00EFC94A /* CardsRepositoryImpl.swift */,
				6EC68995261222DD001C9CE6 /* ExchangeRatesRepositoryImpl.swift */,
			);
			path = Repositories;
			sourceTree = "<group>";
		};
		5C1C5246260129F100EFC94A /* PersistentStorages */ = {
			isa = PBXGroup;
			children = (
				5C645CE726083D0800E6815C /* CoreDataStorage.swift */,
			);
			path = PersistentStorages;
			sourceTree = "<group>";
		};
		5C645CE626083CE300E6815C /* DataMapping */ = {
			isa = PBXGroup;
			children = (
				5C8EB4E3260DF0F400F15888 /* ExchangeRatesDTO.swift */,
			);
			path = DataMapping;
			sourceTree = "<group>";
		};
		5C871654260A349600423D52 /* ExchangeRatesTraker */ = {
			isa = PBXGroup;
			children = (
				6E74612A261A501500A756D1 /* View */,
				5C871658260A37CE00423D52 /* ExchangeRatesViewModel.swift */,
			);
			path = ExchangeRatesTraker;
			sourceTree = "<group>";
		};
		5CE7B8BC25FFAFF0009D2596 /* UseCases */ = {
			isa = PBXGroup;
			children = (
				6EDAB32526028A780053F7AA /* FetchState.swift */,
				5CE7B8BE25FFB013009D2596 /* FetchCardsUseCase.swift */,
				5C436B2F2614B87D00F9F9BC /* FetchExchangeRatesUseCase.swift */,
				6EDAB32726028B060053F7AA /* TimerUseCase.swift */,
			);
			path = UseCases;
			sourceTree = "<group>";
		};
		6E33C4BC25B863FE0028E07D /* Game */ = {
			isa = PBXGroup;
			children = (
				6EAE5C9725B70FA600FEEF12 /* PexesoGameViewController.swift */,
				6EAFDFF225B728B7007393DF /* CardView */,
				6EAFDFF325B728C2007393DF /* CardsHolderView */,
				5C2D7D0B25F8FC3A00261174 /* PexesoGameCoordinator.swift */,
			);
			path = Game;
			sourceTree = "<group>";
		};
		6E33C4BF25B8656D0028E07D /* Start */ = {
			isa = PBXGroup;
			children = (
				6E33C4C025B865990028E07D /* PexesoStartViewController.swift */,
				5C2D7D0D25F8FC5400261174 /* PexesoStartCoordinator.swift */,
			);
			path = Start;
			sourceTree = "<group>";
		};
		6E3408A425B840C200259B0F /* Api */ = {
			isa = PBXGroup;
			children = (
				6E3408A525B840CC00259B0F /* MemoryGameApi.swift */,
				5C8EB4E5260DFCB500F15888 /* ExchangeRatesApi.swift */,
			);
			path = Api;
			sourceTree = "<group>";
		};
		6E746127261A4F8900A756D1 /* SwiftUI */ = {
			isa = PBXGroup;
			children = (
				5C871656260A34E300423D52 /* ExchangeRatesContentView.swift */,
				6E746121261A310C00A756D1 /* CurrencyRateView.swift */,
				6E746125261A390900A756D1 /* CurrencyRatesListView.swift */,
			);
			path = SwiftUI;
			sourceTree = "<group>";
		};
		6E746128261A4FC900A756D1 /* SnapKit */ = {
			isa = PBXGroup;
			children = (
			);
			path = SnapKit;
			sourceTree = "<group>";
		};
		6E746129261A4FCE00A756D1 /* Storyboard */ = {
			isa = PBXGroup;
			children = (
			);
			path = Storyboard;
			sourceTree = "<group>";
		};
		6E74612A261A501500A756D1 /* View */ = {
			isa = PBXGroup;
			children = (
				6E746127261A4F8900A756D1 /* SwiftUI */,
				6E746128261A4FC900A756D1 /* SnapKit */,
				6E746129261A4FCE00A756D1 /* Storyboard */,
			);
			path = View;
			sourceTree = "<group>";
		};
		6EAE5C8725B70FA600FEEF12 = {
			isa = PBXGroup;
			children = (
				6EAE5C9225B70FA600FEEF12 /* test-tasks */,
				6EAD789A25F68B9800AFE6FD /* test-tasks.app */,
			);
			sourceTree = "<group>";
		};
		6EAE5C9225B70FA600FEEF12 /* test-tasks */ = {
			isa = PBXGroup;
			children = (
				6ECC63D925FA97F1001C9903 /* Application */,
				6EAFDFEE25B72838007393DF /* Presentation */,
				6ECC63E125FAA88A001C9903 /* Domain */,
				6ECC63E825FAA8A5001C9903 /* Data */,
				6ECC63E925FAA8B2001C9903 /* Infrastructure */,
				6EAFDFCF25B71506007393DF /* Common */,
				6EBC384325B87F2A0022031C /* Resourses */,
			);
			path = "test-tasks";
			sourceTree = "<group>";
		};
		6EAFDFCF25B71506007393DF /* Common */ = {
			isa = PBXGroup;
			children = (
				6EBC385225B887F80022031C /* PropertyWrappers */,
				6EBC382325B87B1B0022031C /* Extension */,
				6EAFDFDA25B717A5007393DF /* Tools */,
			);
			path = Common;
			sourceTree = "<group>";
		};
		6EAFDFD025B7150F007393DF /* Protocols */ = {
			isa = PBXGroup;
			children = (
				6EAFDFD125B7152C007393DF /* ChainOfResponsibility.swift */,
				6EBC383D25B87EC70022031C /* Storyboarded.swift */,
				6EBC384025B87EE50022031C /* Reusable.swift */,
			);
			path = Protocols;
			sourceTree = "<group>";
		};
		6EAFDFDA25B717A5007393DF /* Tools */ = {
			isa = PBXGroup;
			children = (
				6EAFDFDB25B717BB007393DF /* Assert + Unimplemented.swift */,
				6EBC381A25B87A780022031C /* Typealias.swift */,
				6EAC030F25B9B51700B4921E /* Pair.swift */,
			);
			path = Tools;
			sourceTree = "<group>";
		};
		6EAFDFEE25B72838007393DF /* Presentation */ = {
			isa = PBXGroup;
			children = (
				5C871654260A349600423D52 /* ExchangeRatesTraker */,
				6EAFDFEF25B72840007393DF /* PexesoScene */,
				6ECC63F225FAAE72001C9903 /* Utils */,
			);
			path = Presentation;
			sourceTree = "<group>";
		};
		6EAFDFEF25B72840007393DF /* PexesoScene */ = {
			isa = PBXGroup;
			children = (
				6E33C4BC25B863FE0028E07D /* Game */,
				6E33C4BF25B8656D0028E07D /* Start */,
				6E34089725B83EB700259B0F /* Pexeso.storyboard */,
				6EAC89FA25B7720400DD3B0C /* PexesoViewModel.swift */,
			);
			path = PexesoScene;
			sourceTree = "<group>";
		};
		6EAFDFF125B72890007393DF /* UI */ = {
			isa = PBXGroup;
			children = (
				6EAFDFD725B716C1007393DF /* Button.swift */,
				6E34089B25B83F5D00259B0F /* XibView.swift */,
				6EBC381D25B87ABF0022031C /* NavigationController.swift */,
				6EBC382025B87AF20022031C /* ViewController.swift */,
				6EBC38B325B8A0530022031C /* Label.swift */,
			);
			path = UI;
			sourceTree = "<group>";
		};
		6EAFDFF225B728B7007393DF /* CardView */ = {
			isa = PBXGroup;
			children = (
				6EAFDFEA25B7273B007393DF /* CardView.xib */,
				6EAFDFC925B714DF007393DF /* CardView.swift */,
			);
			path = CardView;
			sourceTree = "<group>";
		};
		6EAFDFF325B728C2007393DF /* CardsHolderView */ = {
			isa = PBXGroup;
			children = (
				6EAFDFE425B72530007393DF /* CardsHolderView.swift */,
				6EAFDFF825B729D6007393DF /* CardsHolderView.xib */,
			);
			path = CardsHolderView;
			sourceTree = "<group>";
		};
		6EB2B77225D4204700ECBB7E /* Services */ = {
			isa = PBXGroup;
			children = (
				6EB2B77425D420D100ECBB7E /* Service.swift */,
				6E996B1C25D04B8600126375 /* LogService.swift */,
			);
			path = Services;
			sourceTree = "<group>";
		};
		6EB2B77325D4204E00ECBB7E /* Managers */ = {
			isa = PBXGroup;
			children = (
				6EB2B77725D4217600ECBB7E /* ReachabilityManager.swift */,
			);
			path = Managers;
			sourceTree = "<group>";
		};
		6EBC380A25B879A70022031C /* Flow */ = {
			isa = PBXGroup;
			children = (
				6EBC380C25B879BB0022031C /* Router */,
				6EBC380B25B879B30022031C /* Coordinator */,
			);
			path = Flow;
			sourceTree = "<group>";
		};
		6EBC380B25B879B30022031C /* Coordinator */ = {
			isa = PBXGroup;
			children = (
				6EBC380D25B879CF0022031C /* BaseCoordinator.swift */,
				6EBC381125B879E70022031C /* Coordinator.swift */,
			);
			path = Coordinator;
			sourceTree = "<group>";
		};
		6EBC380C25B879BB0022031C /* Router */ = {
			isa = PBXGroup;
			children = (
				6EBC381425B87A010022031C /* Router.swift */,
				6EBC381725B87A1C0022031C /* Drawable.swift */,
			);
			path = Router;
			sourceTree = "<group>";
		};
		6EBC382325B87B1B0022031C /* Extension */ = {
			isa = PBXGroup;
			children = (
				6ECC63D325FA7464001C9903 /* Combine */,
				6EBC38BB25B8B9980022031C /* Array + Extension.swift */,
			);
			path = Extension;
			sourceTree = "<group>";
		};
		6EBC382E25B87C180022031C /* Components */ = {
			isa = PBXGroup;
			children = (
				6EBC382F25B87C2D0022031C /* RootComponent.swift */,
				6EBC383625B87D420022031C /* PexesoComponent.swift */,
			);
			path = Components;
			sourceTree = "<group>";
		};
		6EBC383225B87C570022031C /* AppDelegate */ = {
			isa = PBXGroup;
			children = (
				6EAE5C9325B70FA600FEEF12 /* AppDelegate.swift */,
				6EBC384725B8813D0022031C /* AppDelegateFactory.swift */,
				6EBC384A25B881550022031C /* CompositeAppDelegate.swift */,
				6E996B0E25D0385900126375 /* PushNotificationsAppDelegate.swift */,
			);
			path = AppDelegate;
			sourceTree = "<group>";
		};
		6EBC384325B87F2A0022031C /* Resourses */ = {
			isa = PBXGroup;
			children = (
				6EBC38B625B8A14D0022031C /* Fonts */,
				6EBC384425B87F420022031C /* Storyboards.swift */,
				6EAE5C9C25B70FA700FEEF12 /* Assets.xcassets */,
				6EAE5C9E25B70FA700FEEF12 /* LaunchScreen.storyboard */,
				6EAE5CA125B70FA700FEEF12 /* Info.plist */,
				6E996B1425D03C2F00126375 /* test-tasks.entitlements */,
			);
			path = Resourses;
			sourceTree = "<group>";
		};
		6EBC385225B887F80022031C /* PropertyWrappers */ = {
			isa = PBXGroup;
			children = (
				6EBC385325B888130022031C /* Clamping.swift */,
			);
			path = PropertyWrappers;
			sourceTree = "<group>";
		};
		6EBC38B625B8A14D0022031C /* Fonts */ = {
			isa = PBXGroup;
			children = (
				6EBC38B725B8A15E0022031C /* Fonts.swift */,
			);
			path = Fonts;
			sourceTree = "<group>";
		};
		6ECC63D325FA7464001C9903 /* Combine */ = {
			isa = PBXGroup;
			children = (
				6ECC63D425FA746E001C9903 /* Publisher + Extension.swift */,
			);
			path = Combine;
			sourceTree = "<group>";
		};
		6ECC63D925FA97F1001C9903 /* Application */ = {
			isa = PBXGroup;
			children = (
				6EBC383325B87C7A0022031C /* AppCoordinator.swift */,
				6ECC63DD25FAA4C0001C9903 /* AppAppearance.swift */,
				6ECC63DF25FAA4FB001C9903 /* AppConfiguration.swift */,
				6ECC63DA25FA981C001C9903 /* DIContainer */,
				6EBC383225B87C570022031C /* AppDelegate */,
			);
			path = Application;
			sourceTree = "<group>";
		};
		6ECC63DA25FA981C001C9903 /* DIContainer */ = {
			isa = PBXGroup;
			children = (
				6ECC63DB25FA988F001C9903 /* NeedleGenerated.swift */,
				6EBC382E25B87C180022031C /* Components */,
			);
			path = DIContainer;
			sourceTree = "<group>";
		};
		6ECC63E125FAA88A001C9903 /* Domain */ = {
			isa = PBXGroup;
			children = (
				6ECC63EA25FAA8FA001C9903 /* Entities */,
				5CE7B8BC25FFAFF0009D2596 /* UseCases */,
				5C1C51E9260126DA00EFC94A /* Interfaces */,
			);
			path = Domain;
			sourceTree = "<group>";
		};
		6ECC63E825FAA8A5001C9903 /* Data */ = {
			isa = PBXGroup;
			children = (
				5C1C5243260129A100EFC94A /* Repositories */,
				6ECC63EF25FAAC39001C9903 /* Network */,
				5C1C5246260129F100EFC94A /* PersistentStorages */,
			);
			path = Data;
			sourceTree = "<group>";
		};
		6ECC63E925FAA8B2001C9903 /* Infrastructure */ = {
			isa = PBXGroup;
			children = (
				6EBC380A25B879A70022031C /* Flow */,
				6EB2B77225D4204700ECBB7E /* Services */,
				6EB2B77325D4204E00ECBB7E /* Managers */,
			);
			path = Infrastructure;
			sourceTree = "<group>";
		};
		6ECC63EA25FAA8FA001C9903 /* Entities */ = {
			isa = PBXGroup;
			children = (
				6EAFDFE725B7269A007393DF /* Card.swift */,
				5C436B232614A65E00F9F9BC /* Сurrency.swift */,
			);
			path = Entities;
			sourceTree = "<group>";
		};
		6ECC63EF25FAAC39001C9903 /* Network */ = {
			isa = PBXGroup;
			children = (
				6E3408A425B840C200259B0F /* Api */,
				5C645CE626083CE300E6815C /* DataMapping */,
			);
			path = Network;
			sourceTree = "<group>";
		};
		6ECC63F225FAAE72001C9903 /* Utils */ = {
			isa = PBXGroup;
			children = (
				6ECC63F325FAAED5001C9903 /* Extensions */,
				6EAFDFD025B7150F007393DF /* Protocols */,
				6EAFDFF125B72890007393DF /* UI */,
			);
			path = Utils;
			sourceTree = "<group>";
		};
		6ECC63F325FAAED5001C9903 /* Extensions */ = {
			isa = PBXGroup;
			children = (
				6EBC382425B87B2A0022031C /* UINavigationController + Extension.swift */,
				6EBC38C125B8CDAD0022031C /* UIStackView + Extension.swift */,
			);
			path = Extensions;
			sourceTree = "<group>";
		};
/* End PBXGroup section */

/* Begin PBXNativeTarget section */
		6EAE5C8F25B70FA600FEEF12 /* test-tasks */ = {
			isa = PBXNativeTarget;
			buildConfigurationList = 6EAE5CA425B70FA700FEEF12 /* Build configuration list for PBXNativeTarget "test-tasks" */;
			buildPhases = (
				6EAE5C8C25B70FA600FEEF12 /* Sources */,
				6EAE5C8D25B70FA600FEEF12 /* Frameworks */,
				6EAE5C8E25B70FA600FEEF12 /* Resources */,
				6EBC382C25B87BC20022031C /* Needle */,
				6EAD788325F653BA00AFE6FD /* Embed Frameworks */,
			);
			buildRules = (
			);
			dependencies = (
			);
			name = "test-tasks";
			packageProductDependencies = (
				6EAD787725F651E900AFE6FD /* NeedleFoundation */,
				6EAD788525F6542C00AFE6FD /* SFSafeSymbols */,
				6EAD788B25F6566200AFE6FD /* SwiftyBeaver */,
				6EDAB2DB26024B390053F7AA /* UseCaseKit */,
				6EC6899326122289001C9CE6 /* Bagel */,
				6E7461092619FF5B00A756D1 /* MoyaNetworkClient-Combine */,
			);
			productName = "simple-memory-game";
			productReference = 6EAD789A25F68B9800AFE6FD /* test-tasks.app */;
			productType = "com.apple.product-type.application";
		};
/* End PBXNativeTarget section */

/* Begin PBXProject section */
		6EAE5C8825B70FA600FEEF12 /* Project object */ = {
			isa = PBXProject;
			attributes = {
				LastSwiftUpdateCheck = 1230;
				LastUpgradeCheck = 1230;
				TargetAttributes = {
					6EAE5C8F25B70FA600FEEF12 = {
						CreatedOnToolsVersion = 12.3;
					};
				};
			};
			buildConfigurationList = 6EAE5C8B25B70FA600FEEF12 /* Build configuration list for PBXProject "test-tasks" */;
			compatibilityVersion = "Xcode 9.3";
			developmentRegion = en;
			hasScannedForEncodings = 0;
			knownRegions = (
				en,
				Base,
			);
			mainGroup = 6EAE5C8725B70FA600FEEF12;
			packageReferences = (
				6EAD787625F651E900AFE6FD /* XCRemoteSwiftPackageReference "needle" */,
				6EAD788425F6542C00AFE6FD /* XCRemoteSwiftPackageReference "SFSafeSymbols" */,
				6EAD788A25F6566200AFE6FD /* XCRemoteSwiftPackageReference "SwiftyBeaver" */,
				6EDAB2DA26024B390053F7AA /* XCRemoteSwiftPackageReference "UseCaseKit" */,
				6EC6899226122289001C9CE6 /* XCRemoteSwiftPackageReference "Bagel" */,
				6E7461082619FF5B00A756D1 /* XCRemoteSwiftPackageReference "MoyaNetworkClient-Combine" */,
			);
			productRefGroup = 6EAE5C8725B70FA600FEEF12;
			projectDirPath = "";
			projectRoot = "";
			targets = (
				6EAE5C8F25B70FA600FEEF12 /* test-tasks */,
			);
		};
/* End PBXProject section */

/* Begin PBXResourcesBuildPhase section */
		6EAE5C8E25B70FA600FEEF12 /* Resources */ = {
			isa = PBXResourcesBuildPhase;
			buildActionMask = 2147483647;
			files = (
				6E34089825B83EB700259B0F /* Pexeso.storyboard in Resources */,
				6EAE5CA025B70FA700FEEF12 /* LaunchScreen.storyboard in Resources */,
				6EAFDFEB25B7273B007393DF /* CardView.xib in Resources */,
				6EAFDFF925B729D6007393DF /* CardsHolderView.xib in Resources */,
				6EAE5C9D25B70FA700FEEF12 /* Assets.xcassets in Resources */,
			);
			runOnlyForDeploymentPostprocessing = 0;
		};
/* End PBXResourcesBuildPhase section */

/* Begin PBXShellScriptBuildPhase section */
		6EBC382C25B87BC20022031C /* Needle */ = {
			isa = PBXShellScriptBuildPhase;
			buildActionMask = 2147483647;
			files = (
			);
			inputFileListPaths = (
			);
			inputPaths = (
			);
			name = Needle;
			outputFileListPaths = (
			);
			outputPaths = (
			);
			runOnlyForDeploymentPostprocessing = 0;
			shellPath = /bin/sh;
			shellScript = "if which needle > /dev/null; then\n    needle\nelse\n    echo \"warning: Needle not installed, download it from https://github.com/uber/needle\"\nfi\nneedle generate $SRCROOT/$TARGETNAME/Application/DIContainer/NeedleGenerated.swift $SRCROOT/$TARGETNAME\n";
		};
/* End PBXShellScriptBuildPhase section */

/* Begin PBXSourcesBuildPhase section */
		6EAE5C8C25B70FA600FEEF12 /* Sources */ = {
			isa = PBXSourcesBuildPhase;
			buildActionMask = 2147483647;
			files = (
				5C8EB4E4260DF0F400F15888 /* ExchangeRatesDTO.swift in Sources */,
				6EBC385425B888130022031C /* Clamping.swift in Sources */,
				6E996B0F25D0385900126375 /* PushNotificationsAppDelegate.swift in Sources */,
				6E3408A625B840CC00259B0F /* MemoryGameApi.swift in Sources */,
				6ECC63DE25FAA4C0001C9903 /* AppAppearance.swift in Sources */,
				6EAFDFCB25B714DF007393DF /* CardView.swift in Sources */,
				6EB2B77825D4217600ECBB7E /* ReachabilityManager.swift in Sources */,
				6EBC383425B87C7A0022031C /* AppCoordinator.swift in Sources */,
				5CE7B8BF25FFB013009D2596 /* FetchCardsUseCase.swift in Sources */,
				6EBC384B25B881550022031C /* CompositeAppDelegate.swift in Sources */,
				6EAFDFD825B716C1007393DF /* Button.swift in Sources */,
				6EBC382525B87B2A0022031C /* UINavigationController + Extension.swift in Sources */,
				5C1C5245260129AE00EFC94A /* CardsRepositoryImpl.swift in Sources */,
				6ECC63D525FA746E001C9903 /* Publisher + Extension.swift in Sources */,
				6EBC384525B87F420022031C /* Storyboards.swift in Sources */,
				6EAE5C9825B70FA600FEEF12 /* PexesoGameViewController.swift in Sources */,
				6EBC38B425B8A0530022031C /* Label.swift in Sources */,
				6EBC382125B87AF20022031C /* ViewController.swift in Sources */,
				6EC68996261222DD001C9CE6 /* ExchangeRatesRepositoryImpl.swift in Sources */,
				5C871659260A37CE00423D52 /* ExchangeRatesViewModel.swift in Sources */,
				6EBC38BC25B8B9980022031C /* Array + Extension.swift in Sources */,
				6EBC381525B87A010022031C /* Router.swift in Sources */,
				6EAFDFD225B7152C007393DF /* ChainOfResponsibility.swift in Sources */,
				6E33C4C125B865990028E07D /* PexesoStartViewController.swift in Sources */,
				6EBC384825B8813D0022031C /* AppDelegateFactory.swift in Sources */,
				6EAE5C9425B70FA600FEEF12 /* AppDelegate.swift in Sources */,
				6EAFDFE825B7269A007393DF /* Card.swift in Sources */,
				6EBC383025B87C2D0022031C /* RootComponent.swift in Sources */,
				6EBC38C225B8CDAD0022031C /* UIStackView + Extension.swift in Sources */,
				6EBC381225B879E70022031C /* Coordinator.swift in Sources */,
				6EAFDFE525B72530007393DF /* CardsHolderView.swift in Sources */,
				6EAC89FB25B7720400DD3B0C /* PexesoViewModel.swift in Sources */,
				5C645CEA26087A6700E6815C /* Repository.swift in Sources */,
				6E746122261A310C00A756D1 /* CurrencyRateView.swift in Sources */,
				6E34089C25B83F5D00259B0F /* XibView.swift in Sources */,
				5C1C52422601294B00EFC94A /* CardsRepository.swift in Sources */,
				5C436B242614A65E00F9F9BC /* Сurrency.swift in Sources */,
				5C436B302614B87D00F9F9BC /* FetchExchangeRatesUseCase.swift in Sources */,
				6EBC381825B87A1C0022031C /* Drawable.swift in Sources */,
				6E996B1D25D04B8600126375 /* LogService.swift in Sources */,
				6EBC381B25B87A780022031C /* Typealias.swift in Sources */,
				6ECC63DC25FA988F001C9903 /* NeedleGenerated.swift in Sources */,
				5C2D7D0E25F8FC5400261174 /* PexesoStartCoordinator.swift in Sources */,
				6EAFDFDC25B717BB007393DF /* Assert + Unimplemented.swift in Sources */,
				6EDAB32826028B060053F7AA /* TimerUseCase.swift in Sources */,
				6EBC381E25B87ABF0022031C /* NavigationController.swift in Sources */,
				6EDAB32626028A780053F7AA /* FetchState.swift in Sources */,
				5C8EB4E6260DFCB500F15888 /* ExchangeRatesApi.swift in Sources */,
				5C645CE826083D0800E6815C /* CoreDataStorage.swift in Sources */,
				6ECC63E025FAA4FB001C9903 /* AppConfiguration.swift in Sources */,
				6EAC031025B9B51700B4921E /* Pair.swift in Sources */,
				6EBC380E25B879CF0022031C /* BaseCoordinator.swift in Sources */,
				6EBC384125B87EE50022031C /* Reusable.swift in Sources */,
				5C2D7D0C25F8FC3A00261174 /* PexesoGameCoordinator.swift in Sources */,
				5C871657260A34E300423D52 /* ExchangeRatesContentView.swift in Sources */,
				6EBC383725B87D420022031C /* PexesoComponent.swift in Sources */,
				6EB2B77525D420D100ECBB7E /* Service.swift in Sources */,
				6EBC38B825B8A15E0022031C /* Fonts.swift in Sources */,
				6E746110261A009800A756D1 /* ExchangeRatesRepository.swift in Sources */,
				6E746126261A390900A756D1 /* CurrencyRatesListView.swift in Sources */,
				6EBC383E25B87EC70022031C /* Storyboarded.swift in Sources */,
			);
			runOnlyForDeploymentPostprocessing = 0;
		};
/* End PBXSourcesBuildPhase section */

/* Begin PBXVariantGroup section */
		6EAE5C9E25B70FA700FEEF12 /* LaunchScreen.storyboard */ = {
			isa = PBXVariantGroup;
			children = (
				6EAE5C9F25B70FA700FEEF12 /* Base */,
			);
			name = LaunchScreen.storyboard;
			sourceTree = "<group>";
		};
/* End PBXVariantGroup section */

/* Begin XCBuildConfiguration section */
		6EAE5CA225B70FA700FEEF12 /* Debug */ = {
			isa = XCBuildConfiguration;
			buildSettings = {
				ALWAYS_SEARCH_USER_PATHS = NO;
				CLANG_ANALYZER_NONNULL = YES;
				CLANG_ANALYZER_NUMBER_OBJECT_CONVERSION = YES_AGGRESSIVE;
				CLANG_CXX_LANGUAGE_STANDARD = "gnu++14";
				CLANG_CXX_LIBRARY = "libc++";
				CLANG_ENABLE_MODULES = YES;
				CLANG_ENABLE_OBJC_ARC = YES;
				CLANG_ENABLE_OBJC_WEAK = YES;
				CLANG_WARN_BLOCK_CAPTURE_AUTORELEASING = YES;
				CLANG_WARN_BOOL_CONVERSION = YES;
				CLANG_WARN_COMMA = YES;
				CLANG_WARN_CONSTANT_CONVERSION = YES;
				CLANG_WARN_DEPRECATED_OBJC_IMPLEMENTATIONS = YES;
				CLANG_WARN_DIRECT_OBJC_ISA_USAGE = YES_ERROR;
				CLANG_WARN_DOCUMENTATION_COMMENTS = YES;
				CLANG_WARN_EMPTY_BODY = YES;
				CLANG_WARN_ENUM_CONVERSION = YES;
				CLANG_WARN_INFINITE_RECURSION = YES;
				CLANG_WARN_INT_CONVERSION = YES;
				CLANG_WARN_NON_LITERAL_NULL_CONVERSION = YES;
				CLANG_WARN_OBJC_IMPLICIT_RETAIN_SELF = YES;
				CLANG_WARN_OBJC_LITERAL_CONVERSION = YES;
				CLANG_WARN_OBJC_ROOT_CLASS = YES_ERROR;
				CLANG_WARN_QUOTED_INCLUDE_IN_FRAMEWORK_HEADER = YES;
				CLANG_WARN_RANGE_LOOP_ANALYSIS = YES;
				CLANG_WARN_STRICT_PROTOTYPES = YES;
				CLANG_WARN_SUSPICIOUS_MOVE = YES;
				CLANG_WARN_UNGUARDED_AVAILABILITY = YES_AGGRESSIVE;
				CLANG_WARN_UNREACHABLE_CODE = YES;
				CLANG_WARN__DUPLICATE_METHOD_MATCH = YES;
				COPY_PHASE_STRIP = NO;
				DEBUG_INFORMATION_FORMAT = dwarf;
				ENABLE_STRICT_OBJC_MSGSEND = YES;
				ENABLE_TESTABILITY = YES;
				GCC_C_LANGUAGE_STANDARD = gnu11;
				GCC_DYNAMIC_NO_PIC = NO;
				GCC_NO_COMMON_BLOCKS = YES;
				GCC_OPTIMIZATION_LEVEL = 0;
				GCC_PREPROCESSOR_DEFINITIONS = (
					"DEBUG=1",
					"$(inherited)",
				);
				GCC_WARN_64_TO_32_BIT_CONVERSION = YES;
				GCC_WARN_ABOUT_RETURN_TYPE = YES_ERROR;
				GCC_WARN_UNDECLARED_SELECTOR = YES;
				GCC_WARN_UNINITIALIZED_AUTOS = YES_AGGRESSIVE;
				GCC_WARN_UNUSED_FUNCTION = YES;
				GCC_WARN_UNUSED_VARIABLE = YES;
				IPHONEOS_DEPLOYMENT_TARGET = 14.3;
				MTL_ENABLE_DEBUG_INFO = INCLUDE_SOURCE;
				MTL_FAST_MATH = YES;
				ONLY_ACTIVE_ARCH = YES;
				SDKROOT = iphoneos;
				SWIFT_ACTIVE_COMPILATION_CONDITIONS = DEBUG;
				SWIFT_OPTIMIZATION_LEVEL = "-Onone";
			};
			name = Debug;
		};
		6EAE5CA325B70FA700FEEF12 /* Release */ = {
			isa = XCBuildConfiguration;
			buildSettings = {
				ALWAYS_SEARCH_USER_PATHS = NO;
				CLANG_ANALYZER_NONNULL = YES;
				CLANG_ANALYZER_NUMBER_OBJECT_CONVERSION = YES_AGGRESSIVE;
				CLANG_CXX_LANGUAGE_STANDARD = "gnu++14";
				CLANG_CXX_LIBRARY = "libc++";
				CLANG_ENABLE_MODULES = YES;
				CLANG_ENABLE_OBJC_ARC = YES;
				CLANG_ENABLE_OBJC_WEAK = YES;
				CLANG_WARN_BLOCK_CAPTURE_AUTORELEASING = YES;
				CLANG_WARN_BOOL_CONVERSION = YES;
				CLANG_WARN_COMMA = YES;
				CLANG_WARN_CONSTANT_CONVERSION = YES;
				CLANG_WARN_DEPRECATED_OBJC_IMPLEMENTATIONS = YES;
				CLANG_WARN_DIRECT_OBJC_ISA_USAGE = YES_ERROR;
				CLANG_WARN_DOCUMENTATION_COMMENTS = YES;
				CLANG_WARN_EMPTY_BODY = YES;
				CLANG_WARN_ENUM_CONVERSION = YES;
				CLANG_WARN_INFINITE_RECURSION = YES;
				CLANG_WARN_INT_CONVERSION = YES;
				CLANG_WARN_NON_LITERAL_NULL_CONVERSION = YES;
				CLANG_WARN_OBJC_IMPLICIT_RETAIN_SELF = YES;
				CLANG_WARN_OBJC_LITERAL_CONVERSION = YES;
				CLANG_WARN_OBJC_ROOT_CLASS = YES_ERROR;
				CLANG_WARN_QUOTED_INCLUDE_IN_FRAMEWORK_HEADER = YES;
				CLANG_WARN_RANGE_LOOP_ANALYSIS = YES;
				CLANG_WARN_STRICT_PROTOTYPES = YES;
				CLANG_WARN_SUSPICIOUS_MOVE = YES;
				CLANG_WARN_UNGUARDED_AVAILABILITY = YES_AGGRESSIVE;
				CLANG_WARN_UNREACHABLE_CODE = YES;
				CLANG_WARN__DUPLICATE_METHOD_MATCH = YES;
				COPY_PHASE_STRIP = NO;
				DEBUG_INFORMATION_FORMAT = "dwarf-with-dsym";
				ENABLE_NS_ASSERTIONS = NO;
				ENABLE_STRICT_OBJC_MSGSEND = YES;
				GCC_C_LANGUAGE_STANDARD = gnu11;
				GCC_NO_COMMON_BLOCKS = YES;
				GCC_WARN_64_TO_32_BIT_CONVERSION = YES;
				GCC_WARN_ABOUT_RETURN_TYPE = YES_ERROR;
				GCC_WARN_UNDECLARED_SELECTOR = YES;
				GCC_WARN_UNINITIALIZED_AUTOS = YES_AGGRESSIVE;
				GCC_WARN_UNUSED_FUNCTION = YES;
				GCC_WARN_UNUSED_VARIABLE = YES;
				IPHONEOS_DEPLOYMENT_TARGET = 14.3;
				MTL_ENABLE_DEBUG_INFO = NO;
				MTL_FAST_MATH = YES;
				SDKROOT = iphoneos;
				SWIFT_COMPILATION_MODE = wholemodule;
				SWIFT_OPTIMIZATION_LEVEL = "-O";
				VALIDATE_PRODUCT = YES;
			};
			name = Release;
		};
		6EAE5CA525B70FA700FEEF12 /* Debug */ = {
			isa = XCBuildConfiguration;
			buildSettings = {
				ASSETCATALOG_COMPILER_APPICON_NAME = AppIcon;
				ASSETCATALOG_COMPILER_GLOBAL_ACCENT_COLOR_NAME = AccentColor;
				CODE_SIGN_ENTITLEMENTS = "test-tasks/Resourses/test-tasks.entitlements";
				CODE_SIGN_STYLE = Automatic;
				DEVELOPMENT_TEAM = Z7792TKQU4;
				INFOPLIST_FILE = "test-tasks/Resourses/Info.plist";
				IPHONEOS_DEPLOYMENT_TARGET = 13.0;
				LD_RUNPATH_SEARCH_PATHS = (
					"$(inherited)",
					"@executable_path/Frameworks",
				);
				PRODUCT_BUNDLE_IDENTIFIER = "kpa.test-task";
				PRODUCT_NAME = "$(TARGET_NAME)";
				SWIFT_VERSION = 5.0;
				TARGETED_DEVICE_FAMILY = "1,2";
			};
			name = Debug;
		};
		6EAE5CA625B70FA700FEEF12 /* Release */ = {
			isa = XCBuildConfiguration;
			buildSettings = {
				ASSETCATALOG_COMPILER_APPICON_NAME = AppIcon;
				ASSETCATALOG_COMPILER_GLOBAL_ACCENT_COLOR_NAME = AccentColor;
				CODE_SIGN_ENTITLEMENTS = "test-tasks/Resourses/test-tasks.entitlements";
				CODE_SIGN_STYLE = Automatic;
				DEVELOPMENT_TEAM = Z7792TKQU4;
				INFOPLIST_FILE = "test-tasks/Resourses/Info.plist";
				IPHONEOS_DEPLOYMENT_TARGET = 13.0;
				LD_RUNPATH_SEARCH_PATHS = (
					"$(inherited)",
					"@executable_path/Frameworks",
				);
				PRODUCT_BUNDLE_IDENTIFIER = "kpa.test-task";
				PRODUCT_NAME = "$(TARGET_NAME)";
				SWIFT_VERSION = 5.0;
				TARGETED_DEVICE_FAMILY = "1,2";
			};
			name = Release;
		};
/* End XCBuildConfiguration section */

/* Begin XCConfigurationList section */
		6EAE5C8B25B70FA600FEEF12 /* Build configuration list for PBXProject "test-tasks" */ = {
			isa = XCConfigurationList;
			buildConfigurations = (
				6EAE5CA225B70FA700FEEF12 /* Debug */,
				6EAE5CA325B70FA700FEEF12 /* Release */,
			);
			defaultConfigurationIsVisible = 0;
			defaultConfigurationName = Release;
		};
		6EAE5CA425B70FA700FEEF12 /* Build configuration list for PBXNativeTarget "test-tasks" */ = {
			isa = XCConfigurationList;
			buildConfigurations = (
				6EAE5CA525B70FA700FEEF12 /* Debug */,
				6EAE5CA625B70FA700FEEF12 /* Release */,
			);
			defaultConfigurationIsVisible = 0;
			defaultConfigurationName = Release;
		};
/* End XCConfigurationList section */

/* Begin XCRemoteSwiftPackageReference section */
		6E7461082619FF5B00A756D1 /* XCRemoteSwiftPackageReference "MoyaNetworkClient-Combine" */ = {
			isa = XCRemoteSwiftPackageReference;
			repositoryURL = "https://github.com/Peeoner174/MoyaNetworkClient-Combine.git";
			requirement = {
				branch = master;
				kind = branch;
			};
		};
		6EAD787625F651E900AFE6FD /* XCRemoteSwiftPackageReference "needle" */ = {
			isa = XCRemoteSwiftPackageReference;
			repositoryURL = "https://github.com/uber/needle.git";
			requirement = {
				kind = upToNextMajorVersion;
				minimumVersion = 0.17.1;
			};
		};
		6EAD788425F6542C00AFE6FD /* XCRemoteSwiftPackageReference "SFSafeSymbols" */ = {
			isa = XCRemoteSwiftPackageReference;
			repositoryURL = "https://github.com/piknotech/SFSafeSymbols.git";
			requirement = {
				kind = upToNextMajorVersion;
				minimumVersion = 2.1.2;
			};
		};
		6EAD788A25F6566200AFE6FD /* XCRemoteSwiftPackageReference "SwiftyBeaver" */ = {
			isa = XCRemoteSwiftPackageReference;
			repositoryURL = "https://github.com/SwiftyBeaver/SwiftyBeaver";
			requirement = {
				kind = upToNextMajorVersion;
				minimumVersion = 1.9.3;
			};
		};
		6EC6899226122289001C9CE6 /* XCRemoteSwiftPackageReference "Bagel" */ = {
			isa = XCRemoteSwiftPackageReference;
			repositoryURL = "https://github.com/swhitty/Bagel";
			requirement = {
				branch = spm;
				kind = branch;
			};
		};
		6EDAB2DA26024B390053F7AA /* XCRemoteSwiftPackageReference "UseCaseKit" */ = {
			isa = XCRemoteSwiftPackageReference;
			repositoryURL = "https://github.com/crexista/UseCaseKit.git";
			requirement = {
				branch = master;
				kind = branch;
			};
		};
/* End XCRemoteSwiftPackageReference section */

/* Begin XCSwiftPackageProductDependency section */
		6E7461092619FF5B00A756D1 /* MoyaNetworkClient-Combine */ = {
			isa = XCSwiftPackageProductDependency;
			package = 6E7461082619FF5B00A756D1 /* XCRemoteSwiftPackageReference "MoyaNetworkClient-Combine" */;
			productName = "MoyaNetworkClient-Combine";
		};
		6EAD787725F651E900AFE6FD /* NeedleFoundation */ = {
			isa = XCSwiftPackageProductDependency;
			package = 6EAD787625F651E900AFE6FD /* XCRemoteSwiftPackageReference "needle" */;
			productName = NeedleFoundation;
		};
		6EAD788525F6542C00AFE6FD /* SFSafeSymbols */ = {
			isa = XCSwiftPackageProductDependency;
			package = 6EAD788425F6542C00AFE6FD /* XCRemoteSwiftPackageReference "SFSafeSymbols" */;
			productName = SFSafeSymbols;
		};
		6EAD788B25F6566200AFE6FD /* SwiftyBeaver */ = {
			isa = XCSwiftPackageProductDependency;
			package = 6EAD788A25F6566200AFE6FD /* XCRemoteSwiftPackageReference "SwiftyBeaver" */;
			productName = SwiftyBeaver;
		};
		6EC6899326122289001C9CE6 /* Bagel */ = {
			isa = XCSwiftPackageProductDependency;
			package = 6EC6899226122289001C9CE6 /* XCRemoteSwiftPackageReference "Bagel" */;
			productName = Bagel;
		};
		6EDAB2DB26024B390053F7AA /* UseCaseKit */ = {
			isa = XCSwiftPackageProductDependency;
			package = 6EDAB2DA26024B390053F7AA /* XCRemoteSwiftPackageReference "UseCaseKit" */;
			productName = UseCaseKit;
		};
/* End XCSwiftPackageProductDependency section */
	};
	rootObject = 6EAE5C8825B70FA600FEEF12 /* Project object */;
}
